// !$*UTF8*$!
{
	archiveVersion = 1;
	classes = {
	};
	objectVersion = 46;
	objects = {

/* Begin PBXBuildFile section */
		2603FABB1F013C9F00055ABA /* ChatContentView.swift in Sources */ = {isa = PBXBuildFile; fileRef = 2603FABA1F013C9F00055ABA /* ChatContentView.swift */; };
		2603FABD1F013CAE00055ABA /* ChatContentView.xib in Resources */ = {isa = PBXBuildFile; fileRef = 2603FABC1F013CAE00055ABA /* ChatContentView.xib */; };
		2603FAC01F013D1C00055ABA /* ChatContentCell.swift in Sources */ = {isa = PBXBuildFile; fileRef = 2603FABE1F013D1C00055ABA /* ChatContentCell.swift */; };
		2603FAC11F013D1C00055ABA /* ChatContentCell.xib in Resources */ = {isa = PBXBuildFile; fileRef = 2603FABF1F013D1C00055ABA /* ChatContentCell.xib */; };
		26437FC41EF020D1006884DA /* NibLoadable.swift in Sources */ = {isa = PBXBuildFile; fileRef = 26437FC31EF020D1006884DA /* NibLoadable.swift */; };
		26437FC61EF183E9006884DA /* SANPageCollectionView.swift in Sources */ = {isa = PBXBuildFile; fileRef = 26437FC51EF183E9006884DA /* SANPageCollectionView.swift */; };
		26437FC81EF18474006884DA /* SANPageCollectionViewLayout.swift in Sources */ = {isa = PBXBuildFile; fileRef = 26437FC71EF18474006884DA /* SANPageCollectionViewLayout.swift */; };
		2664DC151EE84EE0002F0B20 /* BaseModel.swift in Sources */ = {isa = PBXBuildFile; fileRef = 2664DC141EE84EE0002F0B20 /* BaseModel.swift */; };
		2664DC171EE84F4F002F0B20 /* HomeType.swift in Sources */ = {isa = PBXBuildFile; fileRef = 2664DC161EE84F4F002F0B20 /* HomeType.swift */; };
		2664DC191EE84F88002F0B20 /* AnchorModel.swift in Sources */ = {isa = PBXBuildFile; fileRef = 2664DC181EE84F88002F0B20 /* AnchorModel.swift */; };
		2664DC1C1EE84FF0002F0B20 /* SqliteTools.swift in Sources */ = {isa = PBXBuildFile; fileRef = 2664DC1B1EE84FF0002F0B20 /* SqliteTools.swift */; };
		2664DC1F1EE85048002F0B20 /* libsqlite3.0.tbd in Frameworks */ = {isa = PBXBuildFile; fileRef = 2664DC1E1EE85048002F0B20 /* libsqlite3.0.tbd */; };
		2664DC211EE85053002F0B20 /* libz.tbd in Frameworks */ = {isa = PBXBuildFile; fileRef = 2664DC201EE85053002F0B20 /* libz.tbd */; };
		2664DC231EE85090002F0B20 /* HomeViewModel.swift in Sources */ = {isa = PBXBuildFile; fileRef = 2664DC221EE85090002F0B20 /* HomeViewModel.swift */; };
		2664DC251EE850D6002F0B20 /* NetworkTools.swift in Sources */ = {isa = PBXBuildFile; fileRef = 2664DC241EE850D6002F0B20 /* NetworkTools.swift */; };
		2664DC271EE85284002F0B20 /* FucusViewModel.swift in Sources */ = {isa = PBXBuildFile; fileRef = 2664DC261EE85284002F0B20 /* FucusViewModel.swift */; };
		2664DC291EE852BD002F0B20 /* AnchorViewController.swift in Sources */ = {isa = PBXBuildFile; fileRef = 2664DC281EE852BD002F0B20 /* AnchorViewController.swift */; };
		2664DC2B1EE85301002F0B20 /* FucusViewController.swift in Sources */ = {isa = PBXBuildFile; fileRef = 2664DC2A1EE85301002F0B20 /* FucusViewController.swift */; };
		2664DC2E1EE8534D002F0B20 /* HomeViewCell.swift in Sources */ = {isa = PBXBuildFile; fileRef = 2664DC2C1EE8534D002F0B20 /* HomeViewCell.swift */; };
		2664DC2F1EE8534D002F0B20 /* HomeViewCell.xib in Resources */ = {isa = PBXBuildFile; fileRef = 2664DC2D1EE8534D002F0B20 /* HomeViewCell.xib */; };
		2664DC321EE85372002F0B20 /* FocusViewCell.swift in Sources */ = {isa = PBXBuildFile; fileRef = 2664DC301EE85372002F0B20 /* FocusViewCell.swift */; };
		2664DC331EE85372002F0B20 /* FocusViewCell.xib in Resources */ = {isa = PBXBuildFile; fileRef = 2664DC311EE85372002F0B20 /* FocusViewCell.xib */; };
		2664DC351EE85465002F0B20 /* KingfisherExtension.swift in Sources */ = {isa = PBXBuildFile; fileRef = 2664DC341EE85465002F0B20 /* KingfisherExtension.swift */; };
		267570F41EF287D6009701A3 /* ChatToolsView.swift in Sources */ = {isa = PBXBuildFile; fileRef = 267570F31EF287D6009701A3 /* ChatToolsView.swift */; };
		267570F61EF28837009701A3 /* ChatToolsView.xib in Resources */ = {isa = PBXBuildFile; fileRef = 267570F51EF28837009701A3 /* ChatToolsView.xib */; };
		267570F81EF2891D009701A3 /* EmoticonView.swift in Sources */ = {isa = PBXBuildFile; fileRef = 267570F71EF2891D009701A3 /* EmoticonView.swift */; };
		267570FA1EF2894D009701A3 /* Emoticon.swift in Sources */ = {isa = PBXBuildFile; fileRef = 267570F91EF2894D009701A3 /* Emoticon.swift */; };
		267570FC1EF28966009701A3 /* EmoticonPackage.swift in Sources */ = {isa = PBXBuildFile; fileRef = 267570FB1EF28966009701A3 /* EmoticonPackage.swift */; };
		267570FF1EF289EF009701A3 /* EmoticonViewModel.swift in Sources */ = {isa = PBXBuildFile; fileRef = 267570FE1EF289EF009701A3 /* EmoticonViewModel.swift */; };
		267571021EF28A37009701A3 /* EmoticonViewCell.swift in Sources */ = {isa = PBXBuildFile; fileRef = 267571001EF28A37009701A3 /* EmoticonViewCell.swift */; };
		267571031EF28A37009701A3 /* EmoticonViewCell.xib in Resources */ = {isa = PBXBuildFile; fileRef = 267571011EF28A37009701A3 /* EmoticonViewCell.xib */; };
		267571061EF28A9C009701A3 /* QHNormalEmotionSort.plist in Resources */ = {isa = PBXBuildFile; fileRef = 267571041EF28A9C009701A3 /* QHNormalEmotionSort.plist */; };
		267571071EF28A9C009701A3 /* QHSohuGifSort.plist in Resources */ = {isa = PBXBuildFile; fileRef = 267571051EF28A9C009701A3 /* QHSohuGifSort.plist */; };
		269663881EE59FCA001C0085 /* SANWaterfallFlowLayout.swift in Sources */ = {isa = PBXBuildFile; fileRef = 269663871EE59FCA001C0085 /* SANWaterfallFlowLayout.swift */; };
		2698C3EC1EE04B970063E5CF /* SANPageView.swift in Sources */ = {isa = PBXBuildFile; fileRef = 2698C3EB1EE04B970063E5CF /* SANPageView.swift */; };
		2698C3EE1EE04BBB0063E5CF /* SANTitleView.swift in Sources */ = {isa = PBXBuildFile; fileRef = 2698C3ED1EE04BBB0063E5CF /* SANTitleView.swift */; };
		2698C3F01EE04BC90063E5CF /* SANContentView.swift in Sources */ = {isa = PBXBuildFile; fileRef = 2698C3EF1EE04BC90063E5CF /* SANContentView.swift */; };
		2698C3F21EE04BDD0063E5CF /* SANTitleStyle.swift in Sources */ = {isa = PBXBuildFile; fileRef = 2698C3F11EE04BDD0063E5CF /* SANTitleStyle.swift */; };
		26C951B81EE6FBF5008DA4B3 /* types.plist in Resources */ = {isa = PBXBuildFile; fileRef = 26C951B71EE6FBF5008DA4B3 /* types.plist */; };
		26CA16C61EEEE8DA00369635 /* Emitterable.swift in Sources */ = {isa = PBXBuildFile; fileRef = 26CA16C51EEEE8DA00369635 /* Emitterable.swift */; };
		26D489701EE984E9009F36C6 /* NSDate-Extension.swift in Sources */ = {isa = PBXBuildFile; fileRef = 26D4896F1EE984E9009F36C6 /* NSDate-Extension.swift */; };
		26D489731EE9853C009F36C6 /* Const.swift in Sources */ = {isa = PBXBuildFile; fileRef = 26D489721EE9853C009F36C6 /* Const.swift */; };
		26D4897A1EE98629009F36C6 /* RoomViewController.swift in Sources */ = {isa = PBXBuildFile; fileRef = 26D489781EE98629009F36C6 /* RoomViewController.swift */; };
		26D4897B1EE98629009F36C6 /* RoomViewController.xib in Resources */ = {isa = PBXBuildFile; fileRef = 26D489791EE98629009F36C6 /* RoomViewController.xib */; };
		26ED18131EF4D3CC00C20ABC /* GiftViewModel.swift in Sources */ = {isa = PBXBuildFile; fileRef = 26ED18121EF4D3CC00C20ABC /* GiftViewModel.swift */; };
		26ED18151EF4D3EB00C20ABC /* GiftModel.swift in Sources */ = {isa = PBXBuildFile; fileRef = 26ED18141EF4D3EB00C20ABC /* GiftModel.swift */; };
		26ED18171EF4D40200C20ABC /* GiftPackage.swift in Sources */ = {isa = PBXBuildFile; fileRef = 26ED18161EF4D40200C20ABC /* GiftPackage.swift */; };
		26ED181B1EF4D45D00C20ABC /* GiftViewCell.swift in Sources */ = {isa = PBXBuildFile; fileRef = 26ED18191EF4D45D00C20ABC /* GiftViewCell.swift */; };
		26ED181C1EF4D45D00C20ABC /* GiftViewCell.xib in Resources */ = {isa = PBXBuildFile; fileRef = 26ED181A1EF4D45D00C20ABC /* GiftViewCell.xib */; };
		26ED181E1EF4D4A400C20ABC /* GiftListView.swift in Sources */ = {isa = PBXBuildFile; fileRef = 26ED181D1EF4D4A400C20ABC /* GiftListView.swift */; };
		26ED18201EF4D57100C20ABC /* GiftListView.xib in Resources */ = {isa = PBXBuildFile; fileRef = 26ED181F1EF4D57100C20ABC /* GiftListView.xib */; };
		26F0969C1EFFFEF3008179A3 /* SANSocket.swift in Sources */ = {isa = PBXBuildFile; fileRef = 26F096951EFFFEF3008179A3 /* SANSocket.swift */; };
		26F0969D1EFFFEF3008179A3 /* ysocket.swift in Sources */ = {isa = PBXBuildFile; fileRef = 26F096971EFFFEF3008179A3 /* ysocket.swift */; };
		26F0969E1EFFFEF3008179A3 /* ytcpsocket.c in Sources */ = {isa = PBXBuildFile; fileRef = 26F096981EFFFEF3008179A3 /* ytcpsocket.c */; };
		26F0969F1EFFFEF3008179A3 /* ytcpsocket.swift in Sources */ = {isa = PBXBuildFile; fileRef = 26F096991EFFFEF3008179A3 /* ytcpsocket.swift */; };
		26F096A01EFFFEF3008179A3 /* yudpsocket.c in Sources */ = {isa = PBXBuildFile; fileRef = 26F0969A1EFFFEF3008179A3 /* yudpsocket.c */; };
		26F096A11EFFFEF3008179A3 /* yudpsocket.swift in Sources */ = {isa = PBXBuildFile; fileRef = 26F0969B1EFFFEF3008179A3 /* yudpsocket.swift */; };
		26F096A31EFFFF5E008179A3 /* Immessage.proto.swift in Sources */ = {isa = PBXBuildFile; fileRef = 26F096A21EFFFF5E008179A3 /* Immessage.proto.swift */; };
		26F096A51EFFFF65008179A3 /* IMMessage.proto in Resources */ = {isa = PBXBuildFile; fileRef = 26F096A41EFFFF65008179A3 /* IMMessage.proto */; };
		26F096AA1F0008A4008179A3 /* AttrStringGenerator.swift in Sources */ = {isa = PBXBuildFile; fileRef = 26F096A91F0008A4008179A3 /* AttrStringGenerator.swift */; };
		26FE83F71EDEEEDA00CD1B2A /* AppDelegate.swift in Sources */ = {isa = PBXBuildFile; fileRef = 26FE83F61EDEEEDA00CD1B2A /* AppDelegate.swift */; };
		26FE83FC1EDEEEDA00CD1B2A /* Main.storyboard in Resources */ = {isa = PBXBuildFile; fileRef = 26FE83FA1EDEEEDA00CD1B2A /* Main.storyboard */; };
		26FE83FE1EDEEEDA00CD1B2A /* Assets.xcassets in Resources */ = {isa = PBXBuildFile; fileRef = 26FE83FD1EDEEEDA00CD1B2A /* Assets.xcassets */; };
		26FE84011EDEEEDA00CD1B2A /* LaunchScreen.storyboard in Resources */ = {isa = PBXBuildFile; fileRef = 26FE83FF1EDEEEDA00CD1B2A /* LaunchScreen.storyboard */; };
		26FE840C1EDEEEDA00CD1B2A /* XMGTVTests.swift in Sources */ = {isa = PBXBuildFile; fileRef = 26FE840B1EDEEEDA00CD1B2A /* XMGTVTests.swift */; };
		26FE84171EDEEEDA00CD1B2A /* XMGTVUITests.swift in Sources */ = {isa = PBXBuildFile; fileRef = 26FE84161EDEEEDA00CD1B2A /* XMGTVUITests.swift */; };
		26FE842D1EDEF00900CD1B2A /* MainViewController.swift in Sources */ = {isa = PBXBuildFile; fileRef = 26FE842C1EDEF00900CD1B2A /* MainViewController.swift */; };
		26FE842F1EDEF12E00CD1B2A /* Home.storyboard in Resources */ = {isa = PBXBuildFile; fileRef = 26FE842E1EDEF12E00CD1B2A /* Home.storyboard */; };
		26FE84311EDEF14300CD1B2A /* Discover.storyboard in Resources */ = {isa = PBXBuildFile; fileRef = 26FE84301EDEF14300CD1B2A /* Discover.storyboard */; };
		26FE84331EDEF14F00CD1B2A /* Profile.storyboard in Resources */ = {isa = PBXBuildFile; fileRef = 26FE84321EDEF14F00CD1B2A /* Profile.storyboard */; };
		26FE84351EDEF15900CD1B2A /* Rank.storyboard in Resources */ = {isa = PBXBuildFile; fileRef = 26FE84341EDEF15900CD1B2A /* Rank.storyboard */; };
		26FE84381EDEF6DB00CD1B2A /* HomeViewController.swift in Sources */ = {isa = PBXBuildFile; fileRef = 26FE84371EDEF6DB00CD1B2A /* HomeViewController.swift */; };
		26FE843A1EDEF73C00CD1B2A /* RankViewController.swift in Sources */ = {isa = PBXBuildFile; fileRef = 26FE84391EDEF73C00CD1B2A /* RankViewController.swift */; };
		26FE843C1EDEF79F00CD1B2A /* SANNavigationController.swift in Sources */ = {isa = PBXBuildFile; fileRef = 26FE843B1EDEF79F00CD1B2A /* SANNavigationController.swift */; };
		26FE843F1EDEFAE900CD1B2A /* UIColor-Extension.swift in Sources */ = {isa = PBXBuildFile; fileRef = 26FE843E1EDEFAE900CD1B2A /* UIColor-Extension.swift */; };
		A3497EAE0F1C9DC80334AC60 /* Pods_XMGTV.framework in Frameworks */ = {isa = PBXBuildFile; fileRef = 70FF21B9FECD5C8E145F103F /* Pods_XMGTV.framework */; };
/* End PBXBuildFile section */

/* Begin PBXContainerItemProxy section */
		26FE84081EDEEEDA00CD1B2A /* PBXContainerItemProxy */ = {
			isa = PBXContainerItemProxy;
			containerPortal = 26FE83EB1EDEEEDA00CD1B2A /* Project object */;
			proxyType = 1;
			remoteGlobalIDString = 26FE83F21EDEEEDA00CD1B2A;
			remoteInfo = XMGTV;
		};
		26FE84131EDEEEDA00CD1B2A /* PBXContainerItemProxy */ = {
			isa = PBXContainerItemProxy;
			containerPortal = 26FE83EB1EDEEEDA00CD1B2A /* Project object */;
			proxyType = 1;
			remoteGlobalIDString = 26FE83F21EDEEEDA00CD1B2A;
			remoteInfo = XMGTV;
		};
/* End PBXContainerItemProxy section */

/* Begin PBXFileReference section */
		2603FABA1F013C9F00055ABA /* ChatContentView.swift */ = {isa = PBXFileReference; fileEncoding = 4; lastKnownFileType = sourcecode.swift; path = ChatContentView.swift; sourceTree = "<group>"; };
		2603FABC1F013CAE00055ABA /* ChatContentView.xib */ = {isa = PBXFileReference; fileEncoding = 4; lastKnownFileType = file.xib; path = ChatContentView.xib; sourceTree = "<group>"; };
		2603FABE1F013D1C00055ABA /* ChatContentCell.swift */ = {isa = PBXFileReference; fileEncoding = 4; lastKnownFileType = sourcecode.swift; path = ChatContentCell.swift; sourceTree = "<group>"; };
		2603FABF1F013D1C00055ABA /* ChatContentCell.xib */ = {isa = PBXFileReference; fileEncoding = 4; lastKnownFileType = file.xib; path = ChatContentCell.xib; sourceTree = "<group>"; };
		26437FC31EF020D1006884DA /* NibLoadable.swift */ = {isa = PBXFileReference; fileEncoding = 4; lastKnownFileType = sourcecode.swift; path = NibLoadable.swift; sourceTree = "<group>"; };
		26437FC51EF183E9006884DA /* SANPageCollectionView.swift */ = {isa = PBXFileReference; fileEncoding = 4; lastKnownFileType = sourcecode.swift; path = SANPageCollectionView.swift; sourceTree = "<group>"; };
		26437FC71EF18474006884DA /* SANPageCollectionViewLayout.swift */ = {isa = PBXFileReference; fileEncoding = 4; lastKnownFileType = sourcecode.swift; path = SANPageCollectionViewLayout.swift; sourceTree = "<group>"; };
		2664DC141EE84EE0002F0B20 /* BaseModel.swift */ = {isa = PBXFileReference; fileEncoding = 4; lastKnownFileType = sourcecode.swift; path = BaseModel.swift; sourceTree = "<group>"; };
		2664DC161EE84F4F002F0B20 /* HomeType.swift */ = {isa = PBXFileReference; fileEncoding = 4; lastKnownFileType = sourcecode.swift; path = HomeType.swift; sourceTree = "<group>"; };
		2664DC181EE84F88002F0B20 /* AnchorModel.swift */ = {isa = PBXFileReference; fileEncoding = 4; lastKnownFileType = sourcecode.swift; path = AnchorModel.swift; sourceTree = "<group>"; };
		2664DC1B1EE84FF0002F0B20 /* SqliteTools.swift */ = {isa = PBXFileReference; fileEncoding = 4; lastKnownFileType = sourcecode.swift; path = SqliteTools.swift; sourceTree = "<group>"; };
		2664DC1E1EE85048002F0B20 /* libsqlite3.0.tbd */ = {isa = PBXFileReference; lastKnownFileType = "sourcecode.text-based-dylib-definition"; name = libsqlite3.0.tbd; path = usr/lib/libsqlite3.0.tbd; sourceTree = SDKROOT; };
		2664DC201EE85053002F0B20 /* libz.tbd */ = {isa = PBXFileReference; lastKnownFileType = "sourcecode.text-based-dylib-definition"; name = libz.tbd; path = usr/lib/libz.tbd; sourceTree = SDKROOT; };
		2664DC221EE85090002F0B20 /* HomeViewModel.swift */ = {isa = PBXFileReference; fileEncoding = 4; lastKnownFileType = sourcecode.swift; path = HomeViewModel.swift; sourceTree = "<group>"; };
		2664DC241EE850D6002F0B20 /* NetworkTools.swift */ = {isa = PBXFileReference; fileEncoding = 4; lastKnownFileType = sourcecode.swift; path = NetworkTools.swift; sourceTree = "<group>"; };
		2664DC261EE85284002F0B20 /* FucusViewModel.swift */ = {isa = PBXFileReference; fileEncoding = 4; lastKnownFileType = sourcecode.swift; path = FucusViewModel.swift; sourceTree = "<group>"; };
		2664DC281EE852BD002F0B20 /* AnchorViewController.swift */ = {isa = PBXFileReference; fileEncoding = 4; lastKnownFileType = sourcecode.swift; path = AnchorViewController.swift; sourceTree = "<group>"; };
		2664DC2A1EE85301002F0B20 /* FucusViewController.swift */ = {isa = PBXFileReference; fileEncoding = 4; lastKnownFileType = sourcecode.swift; path = FucusViewController.swift; sourceTree = "<group>"; };
		2664DC2C1EE8534D002F0B20 /* HomeViewCell.swift */ = {isa = PBXFileReference; fileEncoding = 4; lastKnownFileType = sourcecode.swift; path = HomeViewCell.swift; sourceTree = "<group>"; };
		2664DC2D1EE8534D002F0B20 /* HomeViewCell.xib */ = {isa = PBXFileReference; fileEncoding = 4; lastKnownFileType = file.xib; path = HomeViewCell.xib; sourceTree = "<group>"; };
		2664DC301EE85372002F0B20 /* FocusViewCell.swift */ = {isa = PBXFileReference; fileEncoding = 4; lastKnownFileType = sourcecode.swift; path = FocusViewCell.swift; sourceTree = "<group>"; };
		2664DC311EE85372002F0B20 /* FocusViewCell.xib */ = {isa = PBXFileReference; fileEncoding = 4; lastKnownFileType = file.xib; path = FocusViewCell.xib; sourceTree = "<group>"; };
		2664DC341EE85465002F0B20 /* KingfisherExtension.swift */ = {isa = PBXFileReference; fileEncoding = 4; lastKnownFileType = sourcecode.swift; path = KingfisherExtension.swift; sourceTree = "<group>"; };
		267570F31EF287D6009701A3 /* ChatToolsView.swift */ = {isa = PBXFileReference; fileEncoding = 4; lastKnownFileType = sourcecode.swift; path = ChatToolsView.swift; sourceTree = "<group>"; };
		267570F51EF28837009701A3 /* ChatToolsView.xib */ = {isa = PBXFileReference; fileEncoding = 4; lastKnownFileType = file.xib; path = ChatToolsView.xib; sourceTree = "<group>"; };
		267570F71EF2891D009701A3 /* EmoticonView.swift */ = {isa = PBXFileReference; fileEncoding = 4; lastKnownFileType = sourcecode.swift; path = EmoticonView.swift; sourceTree = "<group>"; };
		267570F91EF2894D009701A3 /* Emoticon.swift */ = {isa = PBXFileReference; fileEncoding = 4; lastKnownFileType = sourcecode.swift; path = Emoticon.swift; sourceTree = "<group>"; };
		267570FB1EF28966009701A3 /* EmoticonPackage.swift */ = {isa = PBXFileReference; fileEncoding = 4; lastKnownFileType = sourcecode.swift; path = EmoticonPackage.swift; sourceTree = "<group>"; };
		267570FE1EF289EF009701A3 /* EmoticonViewModel.swift */ = {isa = PBXFileReference; fileEncoding = 4; lastKnownFileType = sourcecode.swift; path = EmoticonViewModel.swift; sourceTree = "<group>"; };
		267571001EF28A37009701A3 /* EmoticonViewCell.swift */ = {isa = PBXFileReference; fileEncoding = 4; lastKnownFileType = sourcecode.swift; path = EmoticonViewCell.swift; sourceTree = "<group>"; };
		267571011EF28A37009701A3 /* EmoticonViewCell.xib */ = {isa = PBXFileReference; fileEncoding = 4; lastKnownFileType = file.xib; path = EmoticonViewCell.xib; sourceTree = "<group>"; };
		267571041EF28A9C009701A3 /* QHNormalEmotionSort.plist */ = {isa = PBXFileReference; lastKnownFileType = file.bplist; path = QHNormalEmotionSort.plist; sourceTree = "<group>"; };
		267571051EF28A9C009701A3 /* QHSohuGifSort.plist */ = {isa = PBXFileReference; lastKnownFileType = file.bplist; path = QHSohuGifSort.plist; sourceTree = "<group>"; };
		269663871EE59FCA001C0085 /* SANWaterfallFlowLayout.swift */ = {isa = PBXFileReference; fileEncoding = 4; lastKnownFileType = sourcecode.swift; path = SANWaterfallFlowLayout.swift; sourceTree = "<group>"; };
		2698C3EB1EE04B970063E5CF /* SANPageView.swift */ = {isa = PBXFileReference; fileEncoding = 4; lastKnownFileType = sourcecode.swift; path = SANPageView.swift; sourceTree = "<group>"; };
		2698C3ED1EE04BBB0063E5CF /* SANTitleView.swift */ = {isa = PBXFileReference; fileEncoding = 4; lastKnownFileType = sourcecode.swift; path = SANTitleView.swift; sourceTree = "<group>"; };
		2698C3EF1EE04BC90063E5CF /* SANContentView.swift */ = {isa = PBXFileReference; fileEncoding = 4; lastKnownFileType = sourcecode.swift; path = SANContentView.swift; sourceTree = "<group>"; };
		2698C3F11EE04BDD0063E5CF /* SANTitleStyle.swift */ = {isa = PBXFileReference; fileEncoding = 4; lastKnownFileType = sourcecode.swift; path = SANTitleStyle.swift; sourceTree = "<group>"; };
		26C951B71EE6FBF5008DA4B3 /* types.plist */ = {isa = PBXFileReference; fileEncoding = 4; lastKnownFileType = text.plist.xml; path = types.plist; sourceTree = "<group>"; };
		26CA16C51EEEE8DA00369635 /* Emitterable.swift */ = {isa = PBXFileReference; fileEncoding = 4; lastKnownFileType = sourcecode.swift; path = Emitterable.swift; sourceTree = "<group>"; };
		26D4896F1EE984E9009F36C6 /* NSDate-Extension.swift */ = {isa = PBXFileReference; fileEncoding = 4; lastKnownFileType = sourcecode.swift; path = "NSDate-Extension.swift"; sourceTree = "<group>"; };
		26D489721EE9853C009F36C6 /* Const.swift */ = {isa = PBXFileReference; fileEncoding = 4; lastKnownFileType = sourcecode.swift; path = Const.swift; sourceTree = "<group>"; };
		26D489781EE98629009F36C6 /* RoomViewController.swift */ = {isa = PBXFileReference; fileEncoding = 4; lastKnownFileType = sourcecode.swift; path = RoomViewController.swift; sourceTree = "<group>"; };
		26D489791EE98629009F36C6 /* RoomViewController.xib */ = {isa = PBXFileReference; fileEncoding = 4; lastKnownFileType = file.xib; path = RoomViewController.xib; sourceTree = "<group>"; };
		26ED18121EF4D3CC00C20ABC /* GiftViewModel.swift */ = {isa = PBXFileReference; fileEncoding = 4; lastKnownFileType = sourcecode.swift; path = GiftViewModel.swift; sourceTree = "<group>"; };
		26ED18141EF4D3EB00C20ABC /* GiftModel.swift */ = {isa = PBXFileReference; fileEncoding = 4; lastKnownFileType = sourcecode.swift; path = GiftModel.swift; sourceTree = "<group>"; };
		26ED18161EF4D40200C20ABC /* GiftPackage.swift */ = {isa = PBXFileReference; fileEncoding = 4; lastKnownFileType = sourcecode.swift; path = GiftPackage.swift; sourceTree = "<group>"; };
		26ED18191EF4D45D00C20ABC /* GiftViewCell.swift */ = {isa = PBXFileReference; fileEncoding = 4; lastKnownFileType = sourcecode.swift; path = GiftViewCell.swift; sourceTree = "<group>"; };
		26ED181A1EF4D45D00C20ABC /* GiftViewCell.xib */ = {isa = PBXFileReference; fileEncoding = 4; lastKnownFileType = file.xib; path = GiftViewCell.xib; sourceTree = "<group>"; };
		26ED181D1EF4D4A400C20ABC /* GiftListView.swift */ = {isa = PBXFileReference; fileEncoding = 4; lastKnownFileType = sourcecode.swift; path = GiftListView.swift; sourceTree = "<group>"; };
		26ED181F1EF4D57100C20ABC /* GiftListView.xib */ = {isa = PBXFileReference; fileEncoding = 4; lastKnownFileType = file.xib; path = GiftListView.xib; sourceTree = "<group>"; };
		26F096951EFFFEF3008179A3 /* SANSocket.swift */ = {isa = PBXFileReference; fileEncoding = 4; lastKnownFileType = sourcecode.swift; path = SANSocket.swift; sourceTree = "<group>"; };
		26F096971EFFFEF3008179A3 /* ysocket.swift */ = {isa = PBXFileReference; fileEncoding = 4; lastKnownFileType = sourcecode.swift; path = ysocket.swift; sourceTree = "<group>"; };
		26F096981EFFFEF3008179A3 /* ytcpsocket.c */ = {isa = PBXFileReference; fileEncoding = 4; lastKnownFileType = sourcecode.c.c; path = ytcpsocket.c; sourceTree = "<group>"; };
		26F096991EFFFEF3008179A3 /* ytcpsocket.swift */ = {isa = PBXFileReference; fileEncoding = 4; lastKnownFileType = sourcecode.swift; path = ytcpsocket.swift; sourceTree = "<group>"; };
		26F0969A1EFFFEF3008179A3 /* yudpsocket.c */ = {isa = PBXFileReference; fileEncoding = 4; lastKnownFileType = sourcecode.c.c; path = yudpsocket.c; sourceTree = "<group>"; };
		26F0969B1EFFFEF3008179A3 /* yudpsocket.swift */ = {isa = PBXFileReference; fileEncoding = 4; lastKnownFileType = sourcecode.swift; path = yudpsocket.swift; sourceTree = "<group>"; };
		26F096A21EFFFF5E008179A3 /* Immessage.proto.swift */ = {isa = PBXFileReference; fileEncoding = 4; lastKnownFileType = sourcecode.swift; path = Immessage.proto.swift; sourceTree = "<group>"; };
		26F096A41EFFFF65008179A3 /* IMMessage.proto */ = {isa = PBXFileReference; fileEncoding = 4; lastKnownFileType = text; path = IMMessage.proto; sourceTree = "<group>"; };
		26F096A91F0008A4008179A3 /* AttrStringGenerator.swift */ = {isa = PBXFileReference; fileEncoding = 4; lastKnownFileType = sourcecode.swift; path = AttrStringGenerator.swift; sourceTree = "<group>"; };
		26FE83F31EDEEEDA00CD1B2A /* XMGTV.app */ = {isa = PBXFileReference; explicitFileType = wrapper.application; includeInIndex = 0; path = XMGTV.app; sourceTree = BUILT_PRODUCTS_DIR; };
		26FE83F61EDEEEDA00CD1B2A /* AppDelegate.swift */ = {isa = PBXFileReference; lastKnownFileType = sourcecode.swift; path = AppDelegate.swift; sourceTree = "<group>"; };
		26FE83FB1EDEEEDA00CD1B2A /* Base */ = {isa = PBXFileReference; lastKnownFileType = file.storyboard; name = Base; path = Base.lproj/Main.storyboard; sourceTree = "<group>"; };
		26FE83FD1EDEEEDA00CD1B2A /* Assets.xcassets */ = {isa = PBXFileReference; lastKnownFileType = folder.assetcatalog; path = Assets.xcassets; sourceTree = "<group>"; };
		26FE84001EDEEEDA00CD1B2A /* Base */ = {isa = PBXFileReference; lastKnownFileType = file.storyboard; name = Base; path = Base.lproj/LaunchScreen.storyboard; sourceTree = "<group>"; };
		26FE84021EDEEEDA00CD1B2A /* Info.plist */ = {isa = PBXFileReference; lastKnownFileType = text.plist.xml; path = Info.plist; sourceTree = "<group>"; };
		26FE84071EDEEEDA00CD1B2A /* XMGTVTests.xctest */ = {isa = PBXFileReference; explicitFileType = wrapper.cfbundle; includeInIndex = 0; path = XMGTVTests.xctest; sourceTree = BUILT_PRODUCTS_DIR; };
		26FE840B1EDEEEDA00CD1B2A /* XMGTVTests.swift */ = {isa = PBXFileReference; lastKnownFileType = sourcecode.swift; path = XMGTVTests.swift; sourceTree = "<group>"; };
		26FE840D1EDEEEDA00CD1B2A /* Info.plist */ = {isa = PBXFileReference; lastKnownFileType = text.plist.xml; path = Info.plist; sourceTree = "<group>"; };
		26FE84121EDEEEDA00CD1B2A /* XMGTVUITests.xctest */ = {isa = PBXFileReference; explicitFileType = wrapper.cfbundle; includeInIndex = 0; path = XMGTVUITests.xctest; sourceTree = BUILT_PRODUCTS_DIR; };
		26FE84161EDEEEDA00CD1B2A /* XMGTVUITests.swift */ = {isa = PBXFileReference; lastKnownFileType = sourcecode.swift; path = XMGTVUITests.swift; sourceTree = "<group>"; };
		26FE84181EDEEEDA00CD1B2A /* Info.plist */ = {isa = PBXFileReference; lastKnownFileType = text.plist.xml; path = Info.plist; sourceTree = "<group>"; };
		26FE842C1EDEF00900CD1B2A /* MainViewController.swift */ = {isa = PBXFileReference; fileEncoding = 4; lastKnownFileType = sourcecode.swift; path = MainViewController.swift; sourceTree = "<group>"; };
		26FE842E1EDEF12E00CD1B2A /* Home.storyboard */ = {isa = PBXFileReference; fileEncoding = 4; lastKnownFileType = file.storyboard; path = Home.storyboard; sourceTree = "<group>"; };
		26FE84301EDEF14300CD1B2A /* Discover.storyboard */ = {isa = PBXFileReference; fileEncoding = 4; lastKnownFileType = file.storyboard; path = Discover.storyboard; sourceTree = "<group>"; };
		26FE84321EDEF14F00CD1B2A /* Profile.storyboard */ = {isa = PBXFileReference; fileEncoding = 4; lastKnownFileType = file.storyboard; path = Profile.storyboard; sourceTree = "<group>"; };
		26FE84341EDEF15900CD1B2A /* Rank.storyboard */ = {isa = PBXFileReference; fileEncoding = 4; lastKnownFileType = file.storyboard; path = Rank.storyboard; sourceTree = "<group>"; };
		26FE84371EDEF6DB00CD1B2A /* HomeViewController.swift */ = {isa = PBXFileReference; fileEncoding = 4; lastKnownFileType = sourcecode.swift; path = HomeViewController.swift; sourceTree = "<group>"; };
		26FE84391EDEF73C00CD1B2A /* RankViewController.swift */ = {isa = PBXFileReference; fileEncoding = 4; lastKnownFileType = sourcecode.swift; path = RankViewController.swift; sourceTree = "<group>"; };
		26FE843B1EDEF79F00CD1B2A /* SANNavigationController.swift */ = {isa = PBXFileReference; fileEncoding = 4; lastKnownFileType = sourcecode.swift; path = SANNavigationController.swift; sourceTree = "<group>"; };
		26FE843E1EDEFAE900CD1B2A /* UIColor-Extension.swift */ = {isa = PBXFileReference; fileEncoding = 4; lastKnownFileType = sourcecode.swift; path = "UIColor-Extension.swift"; sourceTree = "<group>"; };
		70FF21B9FECD5C8E145F103F /* Pods_XMGTV.framework */ = {isa = PBXFileReference; explicitFileType = wrapper.framework; includeInIndex = 0; path = Pods_XMGTV.framework; sourceTree = BUILT_PRODUCTS_DIR; };
		7BEAA7BACE167411F2A2CB53 /* Pods-XMGTV.release.xcconfig */ = {isa = PBXFileReference; includeInIndex = 1; lastKnownFileType = text.xcconfig; name = "Pods-XMGTV.release.xcconfig"; path = "Pods/Target Support Files/Pods-XMGTV/Pods-XMGTV.release.xcconfig"; sourceTree = "<group>"; };
		DD8F000A871AA37A7A7D4A4E /* Pods-XMGTV.debug.xcconfig */ = {isa = PBXFileReference; includeInIndex = 1; lastKnownFileType = text.xcconfig; name = "Pods-XMGTV.debug.xcconfig"; path = "Pods/Target Support Files/Pods-XMGTV/Pods-XMGTV.debug.xcconfig"; sourceTree = "<group>"; };
/* End PBXFileReference section */

/* Begin PBXFrameworksBuildPhase section */
		26FE83F01EDEEEDA00CD1B2A /* Frameworks */ = {
			isa = PBXFrameworksBuildPhase;
			buildActionMask = 2147483647;
			files = (
				2664DC211EE85053002F0B20 /* libz.tbd in Frameworks */,
				2664DC1F1EE85048002F0B20 /* libsqlite3.0.tbd in Frameworks */,
				A3497EAE0F1C9DC80334AC60 /* Pods_XMGTV.framework in Frameworks */,
			);
			runOnlyForDeploymentPostprocessing = 0;
		};
		26FE84041EDEEEDA00CD1B2A /* Frameworks */ = {
			isa = PBXFrameworksBuildPhase;
			buildActionMask = 2147483647;
			files = (
			);
			runOnlyForDeploymentPostprocessing = 0;
		};
		26FE840F1EDEEEDA00CD1B2A /* Frameworks */ = {
			isa = PBXFrameworksBuildPhase;
			buildActionMask = 2147483647;
			files = (
			);
			runOnlyForDeploymentPostprocessing = 0;
		};
/* End PBXFrameworksBuildPhase section */

/* Begin PBXGroup section */
		2603FAB91F013C8900055ABA /* ChatContentView */ = {
			isa = PBXGroup;
			children = (
				2603FABA1F013C9F00055ABA /* ChatContentView.swift */,
				2603FABC1F013CAE00055ABA /* ChatContentView.xib */,
				2603FABE1F013D1C00055ABA /* ChatContentCell.swift */,
				2603FABF1F013D1C00055ABA /* ChatContentCell.xib */,
			);
			path = ChatContentView;
			sourceTree = "<group>";
		};
		2664DC101EE84E8F002F0B20 /* Cell */ = {
			isa = PBXGroup;
			children = (
				2664DC2C1EE8534D002F0B20 /* HomeViewCell.swift */,
				2664DC2D1EE8534D002F0B20 /* HomeViewCell.xib */,
				2664DC301EE85372002F0B20 /* FocusViewCell.swift */,
				2664DC311EE85372002F0B20 /* FocusViewCell.xib */,
			);
			path = Cell;
			sourceTree = "<group>";
		};
		2664DC111EE84E8F002F0B20 /* Model */ = {
			isa = PBXGroup;
			children = (
				2664DC161EE84F4F002F0B20 /* HomeType.swift */,
				2664DC181EE84F88002F0B20 /* AnchorModel.swift */,
			);
			path = Model;
			sourceTree = "<group>";
		};
		2664DC121EE84E8F002F0B20 /* ViewModel */ = {
			isa = PBXGroup;
			children = (
				2664DC221EE85090002F0B20 /* HomeViewModel.swift */,
				2664DC261EE85284002F0B20 /* FucusViewModel.swift */,
			);
			path = ViewModel;
			sourceTree = "<group>";
		};
		2664DC131EE84EBC002F0B20 /* Model */ = {
			isa = PBXGroup;
			children = (
				2664DC141EE84EE0002F0B20 /* BaseModel.swift */,
			);
			path = Model;
			sourceTree = "<group>";
		};
		2664DC1A1EE84FD1002F0B20 /* Tools */ = {
			isa = PBXGroup;
			children = (
				2664DC1B1EE84FF0002F0B20 /* SqliteTools.swift */,
				2664DC241EE850D6002F0B20 /* NetworkTools.swift */,
				2664DC341EE85465002F0B20 /* KingfisherExtension.swift */,
				26F096A91F0008A4008179A3 /* AttrStringGenerator.swift */,
			);
			path = Tools;
			sourceTree = "<group>";
		};
		2664DC1D1EE85048002F0B20 /* Frameworks */ = {
			isa = PBXGroup;
			children = (
				2664DC201EE85053002F0B20 /* libz.tbd */,
				2664DC1E1EE85048002F0B20 /* libsqlite3.0.tbd */,
				70FF21B9FECD5C8E145F103F /* Pods_XMGTV.framework */,
			);
			name = Frameworks;
			sourceTree = "<group>";
		};
		267570F21EF287BE009701A3 /* ChatView */ = {
			isa = PBXGroup;
			children = (
				267570F31EF287D6009701A3 /* ChatToolsView.swift */,
				267570F51EF28837009701A3 /* ChatToolsView.xib */,
				267570F71EF2891D009701A3 /* EmoticonView.swift */,
				267571001EF28A37009701A3 /* EmoticonViewCell.swift */,
				267571011EF28A37009701A3 /* EmoticonViewCell.xib */,
			);
			path = ChatView;
			sourceTree = "<group>";
		};
		267570FD1EF289E4009701A3 /* ViewModel */ = {
			isa = PBXGroup;
			children = (
				267570FE1EF289EF009701A3 /* EmoticonViewModel.swift */,
				26ED18121EF4D3CC00C20ABC /* GiftViewModel.swift */,
			);
			path = ViewModel;
			sourceTree = "<group>";
		};
		269663861EE59C8C001C0085 /* SANWaterfall */ = {
			isa = PBXGroup;
			children = (
				269663871EE59FCA001C0085 /* SANWaterfallFlowLayout.swift */,
			);
			path = SANWaterfall;
			sourceTree = "<group>";
		};
		2698C3EA1EE04B7F0063E5CF /* SANPageView */ = {
			isa = PBXGroup;
			children = (
				2698C3EB1EE04B970063E5CF /* SANPageView.swift */,
				2698C3ED1EE04BBB0063E5CF /* SANTitleView.swift */,
				2698C3EF1EE04BC90063E5CF /* SANContentView.swift */,
				2698C3F11EE04BDD0063E5CF /* SANTitleStyle.swift */,
				26437FC51EF183E9006884DA /* SANPageCollectionView.swift */,
				26437FC71EF18474006884DA /* SANPageCollectionViewLayout.swift */,
			);
			path = SANPageView;
			sourceTree = "<group>";
		};
		26C951B61EE6FBF5008DA4B3 /* Resource */ = {
			isa = PBXGroup;
			children = (
				26C951B71EE6FBF5008DA4B3 /* types.plist */,
				267571041EF28A9C009701A3 /* QHNormalEmotionSort.plist */,
				267571051EF28A9C009701A3 /* QHSohuGifSort.plist */,
			);
			path = Resource;
			sourceTree = "<group>";
		};
		26CA16C41EEEE8C600369635 /* Protocol */ = {
			isa = PBXGroup;
			children = (
				26CA16C51EEEE8DA00369635 /* Emitterable.swift */,
				26437FC31EF020D1006884DA /* NibLoadable.swift */,
			);
			path = Protocol;
			sourceTree = "<group>";
		};
		26D489711EE98526009F36C6 /* Common */ = {
			isa = PBXGroup;
			children = (
				26D489721EE9853C009F36C6 /* Const.swift */,
			);
			path = Common;
			sourceTree = "<group>";
		};
		26D489741EE985FC009F36C6 /* Live */ = {
			isa = PBXGroup;
			children = (
				26F096941EFFFEF3008179A3 /* Socket */,
				267570FD1EF289E4009701A3 /* ViewModel */,
				26D489761EE985FC009F36C6 /* Model */,
				26D489751EE985FC009F36C6 /* Controller */,
				26D489771EE985FC009F36C6 /* View */,
			);
			path = Live;
			sourceTree = "<group>";
		};
		26D489751EE985FC009F36C6 /* Controller */ = {
			isa = PBXGroup;
			children = (
				26D489781EE98629009F36C6 /* RoomViewController.swift */,
				26D489791EE98629009F36C6 /* RoomViewController.xib */,
			);
			path = Controller;
			sourceTree = "<group>";
		};
		26D489761EE985FC009F36C6 /* Model */ = {
			isa = PBXGroup;
			children = (
				267570F91EF2894D009701A3 /* Emoticon.swift */,
				267570FB1EF28966009701A3 /* EmoticonPackage.swift */,
				26ED18141EF4D3EB00C20ABC /* GiftModel.swift */,
				26ED18161EF4D40200C20ABC /* GiftPackage.swift */,
			);
			path = Model;
			sourceTree = "<group>";
		};
		26D489771EE985FC009F36C6 /* View */ = {
			isa = PBXGroup;
			children = (
				2603FAB91F013C8900055ABA /* ChatContentView */,
				26ED18181EF4D44100C20ABC /* GiftView */,
				267570F21EF287BE009701A3 /* ChatView */,
			);
			path = View;
			sourceTree = "<group>";
		};
		26ED18181EF4D44100C20ABC /* GiftView */ = {
			isa = PBXGroup;
			children = (
				26ED18191EF4D45D00C20ABC /* GiftViewCell.swift */,
				26ED181A1EF4D45D00C20ABC /* GiftViewCell.xib */,
				26ED181D1EF4D4A400C20ABC /* GiftListView.swift */,
				26ED181F1EF4D57100C20ABC /* GiftListView.xib */,
			);
			path = GiftView;
			sourceTree = "<group>";
		};
		26F096941EFFFEF3008179A3 /* Socket */ = {
			isa = PBXGroup;
			children = (
				26F096A41EFFFF65008179A3 /* IMMessage.proto */,
				26F096A21EFFFF5E008179A3 /* Immessage.proto.swift */,
				26F096951EFFFEF3008179A3 /* SANSocket.swift */,
				26F096961EFFFEF3008179A3 /* ysocket */,
			);
			path = Socket;
			sourceTree = "<group>";
		};
		26F096961EFFFEF3008179A3 /* ysocket */ = {
			isa = PBXGroup;
			children = (
				26F096971EFFFEF3008179A3 /* ysocket.swift */,
				26F096981EFFFEF3008179A3 /* ytcpsocket.c */,
				26F096991EFFFEF3008179A3 /* ytcpsocket.swift */,
				26F0969A1EFFFEF3008179A3 /* yudpsocket.c */,
				26F0969B1EFFFEF3008179A3 /* yudpsocket.swift */,
			);
			path = ysocket;
			sourceTree = "<group>";
		};
		26FE83EA1EDEEEDA00CD1B2A = {
			isa = PBXGroup;
			children = (
				26FE83F51EDEEEDA00CD1B2A /* XMGTV */,
				26FE840A1EDEEEDA00CD1B2A /* XMGTVTests */,
				26FE84151EDEEEDA00CD1B2A /* XMGTVUITests */,
				26FE83F41EDEEEDA00CD1B2A /* Products */,
				2664DC1D1EE85048002F0B20 /* Frameworks */,
				D30725F28A0B0B016966AD29 /* Pods */,
			);
			sourceTree = "<group>";
		};
		26FE83F41EDEEEDA00CD1B2A /* Products */ = {
			isa = PBXGroup;
			children = (
				26FE83F31EDEEEDA00CD1B2A /* XMGTV.app */,
				26FE84071EDEEEDA00CD1B2A /* XMGTVTests.xctest */,
				26FE84121EDEEEDA00CD1B2A /* XMGTVUITests.xctest */,
			);
			name = Products;
			sourceTree = "<group>";
		};
		26FE83F51EDEEEDA00CD1B2A /* XMGTV */ = {
			isa = PBXGroup;
			children = (
				26C951B61EE6FBF5008DA4B3 /* Resource */,
				26FE84241EDEEFB700CD1B2A /* Classes */,
				26FE83F61EDEEEDA00CD1B2A /* AppDelegate.swift */,
				26FE83FA1EDEEEDA00CD1B2A /* Main.storyboard */,
				26FE83FD1EDEEEDA00CD1B2A /* Assets.xcassets */,
				26FE83FF1EDEEEDA00CD1B2A /* LaunchScreen.storyboard */,
				26FE84021EDEEEDA00CD1B2A /* Info.plist */,
			);
			path = XMGTV;
			sourceTree = "<group>";
		};
		26FE840A1EDEEEDA00CD1B2A /* XMGTVTests */ = {
			isa = PBXGroup;
			children = (
				26FE840B1EDEEEDA00CD1B2A /* XMGTVTests.swift */,
				26FE840D1EDEEEDA00CD1B2A /* Info.plist */,
			);
			path = XMGTVTests;
			sourceTree = "<group>";
		};
		26FE84151EDEEEDA00CD1B2A /* XMGTVUITests */ = {
			isa = PBXGroup;
			children = (
				26FE84161EDEEEDA00CD1B2A /* XMGTVUITests.swift */,
				26FE84181EDEEEDA00CD1B2A /* Info.plist */,
			);
			path = XMGTVUITests;
			sourceTree = "<group>";
		};
		26FE84241EDEEFB700CD1B2A /* Classes */ = {
			isa = PBXGroup;
			children = (
				26FE84251EDEEFB700CD1B2A /* Base */,
				26FE84281EDEEFB700CD1B2A /* Main */,
				26D489741EE985FC009F36C6 /* Live */,
				26FE84271EDEEFB700CD1B2A /* Home */,
				26FE842A1EDEEFB700CD1B2A /* Rank */,
				26FE84261EDEEFB700CD1B2A /* Discover */,
				26FE84291EDEEFB700CD1B2A /* Profile */,
				2664DC1A1EE84FD1002F0B20 /* Tools */,
			);
			path = Classes;
			sourceTree = "<group>";
		};
		26FE84251EDEEFB700CD1B2A /* Base */ = {
			isa = PBXGroup;
			children = (
				2664DC131EE84EBC002F0B20 /* Model */,
			);
			path = Base;
			sourceTree = "<group>";
		};
		26FE84261EDEEFB700CD1B2A /* Discover */ = {
			isa = PBXGroup;
			children = (
				26FE84301EDEF14300CD1B2A /* Discover.storyboard */,
			);
			path = Discover;
			sourceTree = "<group>";
		};
		26FE84271EDEEFB700CD1B2A /* Home */ = {
			isa = PBXGroup;
			children = (
				2664DC101EE84E8F002F0B20 /* Cell */,
				2664DC111EE84E8F002F0B20 /* Model */,
				2664DC121EE84E8F002F0B20 /* ViewModel */,
				26FE84361EDEF6BF00CD1B2A /* Controller */,
				26FE842E1EDEF12E00CD1B2A /* Home.storyboard */,
				26FE84371EDEF6DB00CD1B2A /* HomeViewController.swift */,
			);
			path = Home;
			sourceTree = "<group>";
		};
		26FE84281EDEEFB700CD1B2A /* Main */ = {
			isa = PBXGroup;
			children = (
				26CA16C41EEEE8C600369635 /* Protocol */,
				26D489711EE98526009F36C6 /* Common */,
				269663861EE59C8C001C0085 /* SANWaterfall */,
				2698C3EA1EE04B7F0063E5CF /* SANPageView */,
				26FE843D1EDEFAC900CD1B2A /* Extension */,
				26FE842B1EDEEFDB00CD1B2A /* Controller */,
			);
			path = Main;
			sourceTree = "<group>";
		};
		26FE84291EDEEFB700CD1B2A /* Profile */ = {
			isa = PBXGroup;
			children = (
				26FE84321EDEF14F00CD1B2A /* Profile.storyboard */,
			);
			path = Profile;
			sourceTree = "<group>";
		};
		26FE842A1EDEEFB700CD1B2A /* Rank */ = {
			isa = PBXGroup;
			children = (
				26FE84341EDEF15900CD1B2A /* Rank.storyboard */,
				26FE84391EDEF73C00CD1B2A /* RankViewController.swift */,
			);
			path = Rank;
			sourceTree = "<group>";
		};
		26FE842B1EDEEFDB00CD1B2A /* Controller */ = {
			isa = PBXGroup;
			children = (
				26FE842C1EDEF00900CD1B2A /* MainViewController.swift */,
				26FE843B1EDEF79F00CD1B2A /* SANNavigationController.swift */,
			);
			path = Controller;
			sourceTree = "<group>";
		};
		26FE84361EDEF6BF00CD1B2A /* Controller */ = {
			isa = PBXGroup;
			children = (
				2664DC281EE852BD002F0B20 /* AnchorViewController.swift */,
				2664DC2A1EE85301002F0B20 /* FucusViewController.swift */,
			);
			path = Controller;
			sourceTree = "<group>";
		};
		26FE843D1EDEFAC900CD1B2A /* Extension */ = {
			isa = PBXGroup;
			children = (
				26FE843E1EDEFAE900CD1B2A /* UIColor-Extension.swift */,
				26D4896F1EE984E9009F36C6 /* NSDate-Extension.swift */,
			);
			path = Extension;
			sourceTree = "<group>";
		};
		D30725F28A0B0B016966AD29 /* Pods */ = {
			isa = PBXGroup;
			children = (
				DD8F000A871AA37A7A7D4A4E /* Pods-XMGTV.debug.xcconfig */,
				7BEAA7BACE167411F2A2CB53 /* Pods-XMGTV.release.xcconfig */,
			);
			name = Pods;
			sourceTree = "<group>";
		};
/* End PBXGroup section */

/* Begin PBXNativeTarget section */
		26FE83F21EDEEEDA00CD1B2A /* XMGTV */ = {
			isa = PBXNativeTarget;
			buildConfigurationList = 26FE841B1EDEEEDA00CD1B2A /* Build configuration list for PBXNativeTarget "XMGTV" */;
			buildPhases = (
				B6AB4BE5074A90C612C31177 /* [CP] Check Pods Manifest.lock */,
				26FE83EF1EDEEEDA00CD1B2A /* Sources */,
				26FE83F01EDEEEDA00CD1B2A /* Frameworks */,
				26FE83F11EDEEEDA00CD1B2A /* Resources */,
				485AE7CE277A3D5EC6747BF0 /* [CP] Embed Pods Frameworks */,
				03F127B88AA7B263E72852A8 /* [CP] Copy Pods Resources */,
			);
			buildRules = (
			);
			dependencies = (
			);
			name = XMGTV;
			productName = XMGTV;
			productReference = 26FE83F31EDEEEDA00CD1B2A /* XMGTV.app */;
			productType = "com.apple.product-type.application";
		};
		26FE84061EDEEEDA00CD1B2A /* XMGTVTests */ = {
			isa = PBXNativeTarget;
			buildConfigurationList = 26FE841E1EDEEEDA00CD1B2A /* Build configuration list for PBXNativeTarget "XMGTVTests" */;
			buildPhases = (
				26FE84031EDEEEDA00CD1B2A /* Sources */,
				26FE84041EDEEEDA00CD1B2A /* Frameworks */,
				26FE84051EDEEEDA00CD1B2A /* Resources */,
			);
			buildRules = (
			);
			dependencies = (
				26FE84091EDEEEDA00CD1B2A /* PBXTargetDependency */,
			);
			name = XMGTVTests;
			productName = XMGTVTests;
			productReference = 26FE84071EDEEEDA00CD1B2A /* XMGTVTests.xctest */;
			productType = "com.apple.product-type.bundle.unit-test";
		};
		26FE84111EDEEEDA00CD1B2A /* XMGTVUITests */ = {
			isa = PBXNativeTarget;
			buildConfigurationList = 26FE84211EDEEEDA00CD1B2A /* Build configuration list for PBXNativeTarget "XMGTVUITests" */;
			buildPhases = (
				26FE840E1EDEEEDA00CD1B2A /* Sources */,
				26FE840F1EDEEEDA00CD1B2A /* Frameworks */,
				26FE84101EDEEEDA00CD1B2A /* Resources */,
			);
			buildRules = (
			);
			dependencies = (
				26FE84141EDEEEDA00CD1B2A /* PBXTargetDependency */,
			);
			name = XMGTVUITests;
			productName = XMGTVUITests;
			productReference = 26FE84121EDEEEDA00CD1B2A /* XMGTVUITests.xctest */;
			productType = "com.apple.product-type.bundle.ui-testing";
		};
/* End PBXNativeTarget section */

/* Begin PBXProject section */
		26FE83EB1EDEEEDA00CD1B2A /* Project object */ = {
			isa = PBXProject;
			attributes = {
				LastSwiftUpdateCheck = 0830;
				LastUpgradeCheck = 0830;
				ORGANIZATIONNAME = "唐三彩";
				TargetAttributes = {
					26FE83F21EDEEEDA00CD1B2A = {
						CreatedOnToolsVersion = 8.3.2;
						ProvisioningStyle = Automatic;
					};
					26FE84061EDEEEDA00CD1B2A = {
						CreatedOnToolsVersion = 8.3.2;
						ProvisioningStyle = Automatic;
						TestTargetID = 26FE83F21EDEEEDA00CD1B2A;
					};
					26FE84111EDEEEDA00CD1B2A = {
						CreatedOnToolsVersion = 8.3.2;
						ProvisioningStyle = Automatic;
						TestTargetID = 26FE83F21EDEEEDA00CD1B2A;
					};
				};
			};
			buildConfigurationList = 26FE83EE1EDEEEDA00CD1B2A /* Build configuration list for PBXProject "XMGTV" */;
			compatibilityVersion = "Xcode 3.2";
			developmentRegion = English;
			hasScannedForEncodings = 0;
			knownRegions = (
				en,
				Base,
			);
			mainGroup = 26FE83EA1EDEEEDA00CD1B2A;
			productRefGroup = 26FE83F41EDEEEDA00CD1B2A /* Products */;
			projectDirPath = "";
			projectRoot = "";
			targets = (
				26FE83F21EDEEEDA00CD1B2A /* XMGTV */,
				26FE84061EDEEEDA00CD1B2A /* XMGTVTests */,
				26FE84111EDEEEDA00CD1B2A /* XMGTVUITests */,
			);
		};
/* End PBXProject section */

/* Begin PBXResourcesBuildPhase section */
		26FE83F11EDEEEDA00CD1B2A /* Resources */ = {
			isa = PBXResourcesBuildPhase;
			buildActionMask = 2147483647;
			files = (
				26F096A51EFFFF65008179A3 /* IMMessage.proto in Resources */,
				26FE84331EDEF14F00CD1B2A /* Profile.storyboard in Resources */,
				26FE84351EDEF15900CD1B2A /* Rank.storyboard in Resources */,
				26C951B81EE6FBF5008DA4B3 /* types.plist in Resources */,
				2664DC2F1EE8534D002F0B20 /* HomeViewCell.xib in Resources */,
				26ED18201EF4D57100C20ABC /* GiftListView.xib in Resources */,
				26FE84011EDEEEDA00CD1B2A /* LaunchScreen.storyboard in Resources */,
				267571031EF28A37009701A3 /* EmoticonViewCell.xib in Resources */,
				26ED181C1EF4D45D00C20ABC /* GiftViewCell.xib in Resources */,
				2664DC331EE85372002F0B20 /* FocusViewCell.xib in Resources */,
				26FE83FE1EDEEEDA00CD1B2A /* Assets.xcassets in Resources */,
				26FE84311EDEF14300CD1B2A /* Discover.storyboard in Resources */,
				267571071EF28A9C009701A3 /* QHSohuGifSort.plist in Resources */,
				2603FABD1F013CAE00055ABA /* ChatContentView.xib in Resources */,
				26D4897B1EE98629009F36C6 /* RoomViewController.xib in Resources */,
				26FE83FC1EDEEEDA00CD1B2A /* Main.storyboard in Resources */,
				267570F61EF28837009701A3 /* ChatToolsView.xib in Resources */,
				267571061EF28A9C009701A3 /* QHNormalEmotionSort.plist in Resources */,
				26FE842F1EDEF12E00CD1B2A /* Home.storyboard in Resources */,
				2603FAC11F013D1C00055ABA /* ChatContentCell.xib in Resources */,
			);
			runOnlyForDeploymentPostprocessing = 0;
		};
		26FE84051EDEEEDA00CD1B2A /* Resources */ = {
			isa = PBXResourcesBuildPhase;
			buildActionMask = 2147483647;
			files = (
			);
			runOnlyForDeploymentPostprocessing = 0;
		};
		26FE84101EDEEEDA00CD1B2A /* Resources */ = {
			isa = PBXResourcesBuildPhase;
			buildActionMask = 2147483647;
			files = (
			);
			runOnlyForDeploymentPostprocessing = 0;
		};
/* End PBXResourcesBuildPhase section */

/* Begin PBXShellScriptBuildPhase section */
		03F127B88AA7B263E72852A8 /* [CP] Copy Pods Resources */ = {
			isa = PBXShellScriptBuildPhase;
			buildActionMask = 2147483647;
			files = (
			);
			inputPaths = (
			);
			name = "[CP] Copy Pods Resources";
			outputPaths = (
			);
			runOnlyForDeploymentPostprocessing = 0;
			shellPath = /bin/sh;
			shellScript = "\"${SRCROOT}/Pods/Target Support Files/Pods-XMGTV/Pods-XMGTV-resources.sh\"\n";
			showEnvVarsInLog = 0;
		};
		485AE7CE277A3D5EC6747BF0 /* [CP] Embed Pods Frameworks */ = {
			isa = PBXShellScriptBuildPhase;
			buildActionMask = 2147483647;
			files = (
			);
			inputPaths = (
			);
			name = "[CP] Embed Pods Frameworks";
			outputPaths = (
			);
			runOnlyForDeploymentPostprocessing = 0;
			shellPath = /bin/sh;
			shellScript = "\"${SRCROOT}/Pods/Target Support Files/Pods-XMGTV/Pods-XMGTV-frameworks.sh\"\n";
			showEnvVarsInLog = 0;
		};
		B6AB4BE5074A90C612C31177 /* [CP] Check Pods Manifest.lock */ = {
			isa = PBXShellScriptBuildPhase;
			buildActionMask = 2147483647;
			files = (
			);
			inputPaths = (
			);
			name = "[CP] Check Pods Manifest.lock";
			outputPaths = (
			);
			runOnlyForDeploymentPostprocessing = 0;
			shellPath = /bin/sh;
			shellScript = "diff \"${PODS_ROOT}/../Podfile.lock\" \"${PODS_ROOT}/Manifest.lock\" > /dev/null\nif [ $? != 0 ] ; then\n    # print error to STDERR\n    echo \"error: The sandbox is not in sync with the Podfile.lock. Run 'pod install' or update your CocoaPods installation.\" >&2\n    exit 1\nfi\n";
			showEnvVarsInLog = 0;
		};
/* End PBXShellScriptBuildPhase section */

/* Begin PBXSourcesBuildPhase section */
		26FE83EF1EDEEEDA00CD1B2A /* Sources */ = {
			isa = PBXSourcesBuildPhase;
			buildActionMask = 2147483647;
			files = (
				26FE842D1EDEF00900CD1B2A /* MainViewController.swift in Sources */,
				26ED181E1EF4D4A400C20ABC /* GiftListView.swift in Sources */,
				26F096A01EFFFEF3008179A3 /* yudpsocket.c in Sources */,
				2664DC2B1EE85301002F0B20 /* FucusViewController.swift in Sources */,
				2664DC2E1EE8534D002F0B20 /* HomeViewCell.swift in Sources */,
				2664DC251EE850D6002F0B20 /* NetworkTools.swift in Sources */,
				2698C3F21EE04BDD0063E5CF /* SANTitleStyle.swift in Sources */,
				26CA16C61EEEE8DA00369635 /* Emitterable.swift in Sources */,
				267570F81EF2891D009701A3 /* EmoticonView.swift in Sources */,
				26FE843F1EDEFAE900CD1B2A /* UIColor-Extension.swift in Sources */,
				26F0969D1EFFFEF3008179A3 /* ysocket.swift in Sources */,
				2664DC231EE85090002F0B20 /* HomeViewModel.swift in Sources */,
				2664DC271EE85284002F0B20 /* FucusViewModel.swift in Sources */,
				26437FC41EF020D1006884DA /* NibLoadable.swift in Sources */,
				2698C3EC1EE04B970063E5CF /* SANPageView.swift in Sources */,
				26FE843C1EDEF79F00CD1B2A /* SANNavigationController.swift in Sources */,
				26D489701EE984E9009F36C6 /* NSDate-Extension.swift in Sources */,
				267571021EF28A37009701A3 /* EmoticonViewCell.swift in Sources */,
				2603FABB1F013C9F00055ABA /* ChatContentView.swift in Sources */,
				2698C3EE1EE04BBB0063E5CF /* SANTitleView.swift in Sources */,
				267570F41EF287D6009701A3 /* ChatToolsView.swift in Sources */,
				2664DC151EE84EE0002F0B20 /* BaseModel.swift in Sources */,
				26437FC61EF183E9006884DA /* SANPageCollectionView.swift in Sources */,
				2664DC171EE84F4F002F0B20 /* HomeType.swift in Sources */,
				26F0969C1EFFFEF3008179A3 /* SANSocket.swift in Sources */,
				2664DC191EE84F88002F0B20 /* AnchorModel.swift in Sources */,
				26D4897A1EE98629009F36C6 /* RoomViewController.swift in Sources */,
				26ED18131EF4D3CC00C20ABC /* GiftViewModel.swift in Sources */,
				26F0969E1EFFFEF3008179A3 /* ytcpsocket.c in Sources */,
				2664DC1C1EE84FF0002F0B20 /* SqliteTools.swift in Sources */,
				26F096A31EFFFF5E008179A3 /* Immessage.proto.swift in Sources */,
				2664DC321EE85372002F0B20 /* FocusViewCell.swift in Sources */,
				26F096A11EFFFEF3008179A3 /* yudpsocket.swift in Sources */,
				2664DC291EE852BD002F0B20 /* AnchorViewController.swift in Sources */,
				26437FC81EF18474006884DA /* SANPageCollectionViewLayout.swift in Sources */,
				2698C3F01EE04BC90063E5CF /* SANContentView.swift in Sources */,
				26D489731EE9853C009F36C6 /* Const.swift in Sources */,
				2664DC351EE85465002F0B20 /* KingfisherExtension.swift in Sources */,
				267570FA1EF2894D009701A3 /* Emoticon.swift in Sources */,
				2603FAC01F013D1C00055ABA /* ChatContentCell.swift in Sources */,
				269663881EE59FCA001C0085 /* SANWaterfallFlowLayout.swift in Sources */,
				267570FF1EF289EF009701A3 /* EmoticonViewModel.swift in Sources */,
				26ED18171EF4D40200C20ABC /* GiftPackage.swift in Sources */,
				26ED181B1EF4D45D00C20ABC /* GiftViewCell.swift in Sources */,
				26F0969F1EFFFEF3008179A3 /* ytcpsocket.swift in Sources */,
				26FE83F71EDEEEDA00CD1B2A /* AppDelegate.swift in Sources */,
				26FE843A1EDEF73C00CD1B2A /* RankViewController.swift in Sources */,
				267570FC1EF28966009701A3 /* EmoticonPackage.swift in Sources */,
				26FE84381EDEF6DB00CD1B2A /* HomeViewController.swift in Sources */,
				26F096AA1F0008A4008179A3 /* AttrStringGenerator.swift in Sources */,
				26ED18151EF4D3EB00C20ABC /* GiftModel.swift in Sources */,
			);
			runOnlyForDeploymentPostprocessing = 0;
		};
		26FE84031EDEEEDA00CD1B2A /* Sources */ = {
			isa = PBXSourcesBuildPhase;
			buildActionMask = 2147483647;
			files = (
				26FE840C1EDEEEDA00CD1B2A /* XMGTVTests.swift in Sources */,
			);
			runOnlyForDeploymentPostprocessing = 0;
		};
		26FE840E1EDEEEDA00CD1B2A /* Sources */ = {
			isa = PBXSourcesBuildPhase;
			buildActionMask = 2147483647;
			files = (
				26FE84171EDEEEDA00CD1B2A /* XMGTVUITests.swift in Sources */,
			);
			runOnlyForDeploymentPostprocessing = 0;
		};
/* End PBXSourcesBuildPhase section */

/* Begin PBXTargetDependency section */
		26FE84091EDEEEDA00CD1B2A /* PBXTargetDependency */ = {
			isa = PBXTargetDependency;
			target = 26FE83F21EDEEEDA00CD1B2A /* XMGTV */;
			targetProxy = 26FE84081EDEEEDA00CD1B2A /* PBXContainerItemProxy */;
		};
		26FE84141EDEEEDA00CD1B2A /* PBXTargetDependency */ = {
			isa = PBXTargetDependency;
			target = 26FE83F21EDEEEDA00CD1B2A /* XMGTV */;
			targetProxy = 26FE84131EDEEEDA00CD1B2A /* PBXContainerItemProxy */;
		};
/* End PBXTargetDependency section */

/* Begin PBXVariantGroup section */
		26FE83FA1EDEEEDA00CD1B2A /* Main.storyboard */ = {
			isa = PBXVariantGroup;
			children = (
				26FE83FB1EDEEEDA00CD1B2A /* Base */,
			);
			name = Main.storyboard;
			sourceTree = "<group>";
		};
		26FE83FF1EDEEEDA00CD1B2A /* LaunchScreen.storyboard */ = {
			isa = PBXVariantGroup;
			children = (
				26FE84001EDEEEDA00CD1B2A /* Base */,
			);
			name = LaunchScreen.storyboard;
			sourceTree = "<group>";
		};
/* End PBXVariantGroup section */

/* Begin XCBuildConfiguration section */
		26FE84191EDEEEDA00CD1B2A /* Debug */ = {
			isa = XCBuildConfiguration;
			buildSettings = {
				ALWAYS_SEARCH_USER_PATHS = NO;
				CLANG_ANALYZER_NONNULL = YES;
				CLANG_ANALYZER_NUMBER_OBJECT_CONVERSION = YES_AGGRESSIVE;
				CLANG_CXX_LANGUAGE_STANDARD = "gnu++0x";
				CLANG_CXX_LIBRARY = "libc++";
				CLANG_ENABLE_MODULES = YES;
				CLANG_ENABLE_OBJC_ARC = YES;
				CLANG_WARN_BOOL_CONVERSION = YES;
				CLANG_WARN_CONSTANT_CONVERSION = YES;
				CLANG_WARN_DIRECT_OBJC_ISA_USAGE = YES_ERROR;
				CLANG_WARN_DOCUMENTATION_COMMENTS = YES;
				CLANG_WARN_EMPTY_BODY = YES;
				CLANG_WARN_ENUM_CONVERSION = YES;
				CLANG_WARN_INFINITE_RECURSION = YES;
				CLANG_WARN_INT_CONVERSION = YES;
				CLANG_WARN_OBJC_ROOT_CLASS = YES_ERROR;
				CLANG_WARN_SUSPICIOUS_MOVE = YES;
				CLANG_WARN_UNREACHABLE_CODE = YES;
				CLANG_WARN__DUPLICATE_METHOD_MATCH = YES;
				"CODE_SIGN_IDENTITY[sdk=iphoneos*]" = "iPhone Developer";
				COPY_PHASE_STRIP = NO;
				DEBUG_INFORMATION_FORMAT = dwarf;
				ENABLE_STRICT_OBJC_MSGSEND = YES;
				ENABLE_TESTABILITY = YES;
				GCC_C_LANGUAGE_STANDARD = gnu99;
				GCC_DYNAMIC_NO_PIC = NO;
				GCC_NO_COMMON_BLOCKS = YES;
				GCC_OPTIMIZATION_LEVEL = 0;
				GCC_PREPROCESSOR_DEFINITIONS = (
					"DEBUG=1",
					"$(inherited)",
				);
				GCC_WARN_64_TO_32_BIT_CONVERSION = YES;
				GCC_WARN_ABOUT_RETURN_TYPE = YES_ERROR;
				GCC_WARN_UNDECLARED_SELECTOR = YES;
				GCC_WARN_UNINITIALIZED_AUTOS = YES_AGGRESSIVE;
				GCC_WARN_UNUSED_FUNCTION = YES;
				GCC_WARN_UNUSED_VARIABLE = YES;
				IPHONEOS_DEPLOYMENT_TARGET = 10.3;
				MTL_ENABLE_DEBUG_INFO = YES;
				ONLY_ACTIVE_ARCH = YES;
				SDKROOT = iphoneos;
				SWIFT_ACTIVE_COMPILATION_CONDITIONS = DEBUG;
				SWIFT_OPTIMIZATION_LEVEL = "-Onone";
				TARGETED_DEVICE_FAMILY = "1,2";
			};
			name = Debug;
		};
		26FE841A1EDEEEDA00CD1B2A /* Release */ = {
			isa = XCBuildConfiguration;
			buildSettings = {
				ALWAYS_SEARCH_USER_PATHS = NO;
				CLANG_ANALYZER_NONNULL = YES;
				CLANG_ANALYZER_NUMBER_OBJECT_CONVERSION = YES_AGGRESSIVE;
				CLANG_CXX_LANGUAGE_STANDARD = "gnu++0x";
				CLANG_CXX_LIBRARY = "libc++";
				CLANG_ENABLE_MODULES = YES;
				CLANG_ENABLE_OBJC_ARC = YES;
				CLANG_WARN_BOOL_CONVERSION = YES;
				CLANG_WARN_CONSTANT_CONVERSION = YES;
				CLANG_WARN_DIRECT_OBJC_ISA_USAGE = YES_ERROR;
				CLANG_WARN_DOCUMENTATION_COMMENTS = YES;
				CLANG_WARN_EMPTY_BODY = YES;
				CLANG_WARN_ENUM_CONVERSION = YES;
				CLANG_WARN_INFINITE_RECURSION = YES;
				CLANG_WARN_INT_CONVERSION = YES;
				CLANG_WARN_OBJC_ROOT_CLASS = YES_ERROR;
				CLANG_WARN_SUSPICIOUS_MOVE = YES;
				CLANG_WARN_UNREACHABLE_CODE = YES;
				CLANG_WARN__DUPLICATE_METHOD_MATCH = YES;
				"CODE_SIGN_IDENTITY[sdk=iphoneos*]" = "iPhone Developer";
				COPY_PHASE_STRIP = NO;
				DEBUG_INFORMATION_FORMAT = "dwarf-with-dsym";
				ENABLE_NS_ASSERTIONS = NO;
				ENABLE_STRICT_OBJC_MSGSEND = YES;
				GCC_C_LANGUAGE_STANDARD = gnu99;
				GCC_NO_COMMON_BLOCKS = YES;
				GCC_WARN_64_TO_32_BIT_CONVERSION = YES;
				GCC_WARN_ABOUT_RETURN_TYPE = YES_ERROR;
				GCC_WARN_UNDECLARED_SELECTOR = YES;
				GCC_WARN_UNINITIALIZED_AUTOS = YES_AGGRESSIVE;
				GCC_WARN_UNUSED_FUNCTION = YES;
				GCC_WARN_UNUSED_VARIABLE = YES;
				IPHONEOS_DEPLOYMENT_TARGET = 10.3;
				MTL_ENABLE_DEBUG_INFO = NO;
				SDKROOT = iphoneos;
				SWIFT_OPTIMIZATION_LEVEL = "-Owholemodule";
				TARGETED_DEVICE_FAMILY = "1,2";
				VALIDATE_PRODUCT = YES;
			};
			name = Release;
		};
		26FE841C1EDEEEDA00CD1B2A /* Debug */ = {
			isa = XCBuildConfiguration;
			baseConfigurationReference = DD8F000A871AA37A7A7D4A4E /* Pods-XMGTV.debug.xcconfig */;
			buildSettings = {
				ASSETCATALOG_COMPILER_APPICON_NAME = AppIcon;
				ASSETCATALOG_COMPILER_LAUNCHIMAGE_NAME = LaunchImage;
				INFOPLIST_FILE = XMGTV/Info.plist;
				IPHONEOS_DEPLOYMENT_TARGET = 9.0;
				LD_RUNPATH_SEARCH_PATHS = "$(inherited) @executable_path/Frameworks";
				PRODUCT_BUNDLE_IDENTIFIER = com.caiiiac.XMGTV;
				PRODUCT_NAME = "$(TARGET_NAME)";
				SWIFT_VERSION = 3.0;
				TARGETED_DEVICE_FAMILY = 1;
			};
			name = Debug;
		};
		26FE841D1EDEEEDA00CD1B2A /* Release */ = {
			isa = XCBuildConfiguration;
			baseConfigurationReference = 7BEAA7BACE167411F2A2CB53 /* Pods-XMGTV.release.xcconfig */;
			buildSettings = {
				ASSETCATALOG_COMPILER_APPICON_NAME = AppIcon;
				ASSETCATALOG_COMPILER_LAUNCHIMAGE_NAME = LaunchImage;
				INFOPLIST_FILE = XMGTV/Info.plist;
				IPHONEOS_DEPLOYMENT_TARGET = 9.0;
				LD_RUNPATH_SEARCH_PATHS = "$(inherited) @executable_path/Frameworks";
				PRODUCT_BUNDLE_IDENTIFIER = com.caiiiac.XMGTV;
				PRODUCT_NAME = "$(TARGET_NAME)";
				SWIFT_VERSION = 3.0;
				TARGETED_DEVICE_FAMILY = 1;
			};
			name = Release;
		};
		26FE841F1EDEEEDA00CD1B2A /* Debug */ = {
			isa = XCBuildConfiguration;
			buildSettings = {
				ALWAYS_EMBED_SWIFT_STANDARD_LIBRARIES = YES;
				BUNDLE_LOADER = "$(TEST_HOST)";
				INFOPLIST_FILE = XMGTVTests/Info.plist;
				LD_RUNPATH_SEARCH_PATHS = "$(inherited) @executable_path/Frameworks @loader_path/Frameworks";
				PRODUCT_BUNDLE_IDENTIFIER = com.caiiiac.XMGTVTests;
				PRODUCT_NAME = "$(TARGET_NAME)";
				SWIFT_VERSION = 3.0;
				TEST_HOST = "$(BUILT_PRODUCTS_DIR)/XMGTV.app/XMGTV";
			};
			name = Debug;
		};
		26FE84201EDEEEDA00CD1B2A /* Release */ = {
			isa = XCBuildConfiguration;
			buildSettings = {
				ALWAYS_EMBED_SWIFT_STANDARD_LIBRARIES = YES;
				BUNDLE_LOADER = "$(TEST_HOST)";
				INFOPLIST_FILE = XMGTVTests/Info.plist;
				LD_RUNPATH_SEARCH_PATHS = "$(inherited) @executable_path/Frameworks @loader_path/Frameworks";
				PRODUCT_BUNDLE_IDENTIFIER = com.caiiiac.XMGTVTests;
				PRODUCT_NAME = "$(TARGET_NAME)";
				SWIFT_VERSION = 3.0;
				TEST_HOST = "$(BUILT_PRODUCTS_DIR)/XMGTV.app/XMGTV";
			};
			name = Release;
		};
		26FE84221EDEEEDA00CD1B2A /* Debug */ = {
			isa = XCBuildConfiguration;
			buildSettings = {
				ALWAYS_EMBED_SWIFT_STANDARD_LIBRARIES = YES;
				INFOPLIST_FILE = XMGTVUITests/Info.plist;
				LD_RUNPATH_SEARCH_PATHS = "$(inherited) @executable_path/Frameworks @loader_path/Frameworks";
				PRODUCT_BUNDLE_IDENTIFIER = com.caiiiac.XMGTVUITests;
				PRODUCT_NAME = "$(TARGET_NAME)";
				SWIFT_VERSION = 3.0;
				TEST_TARGET_NAME = XMGTV;
			};
			name = Debug;
		};
		26FE84231EDEEEDA00CD1B2A /* Release */ = {
			isa = XCBuildConfiguration;
			buildSettings = {
				ALWAYS_EMBED_SWIFT_STANDARD_LIBRARIES = YES;
				INFOPLIST_FILE = XMGTVUITests/Info.plist;
				LD_RUNPATH_SEARCH_PATHS = "$(inherited) @executable_path/Frameworks @loader_path/Frameworks";
				PRODUCT_BUNDLE_IDENTIFIER = com.caiiiac.XMGTVUITests;
				PRODUCT_NAME = "$(TARGET_NAME)";
				SWIFT_VERSION = 3.0;
				TEST_TARGET_NAME = XMGTV;
			};
			name = Release;
		};
/* End XCBuildConfiguration section */

/* Begin XCConfigurationList section */
		26FE83EE1EDEEEDA00CD1B2A /* Build configuration list for PBXProject "XMGTV" */ = {
			isa = XCConfigurationList;
			buildConfigurations = (
				26FE84191EDEEEDA00CD1B2A /* Debug */,
				26FE841A1EDEEEDA00CD1B2A /* Release */,
			);
			defaultConfigurationIsVisible = 0;
			defaultConfigurationName = Release;
		};
		26FE841B1EDEEEDA00CD1B2A /* Build configuration list for PBXNativeTarget "XMGTV" */ = {
			isa = XCConfigurationList;
			buildConfigurations = (
				26FE841C1EDEEEDA00CD1B2A /* Debug */,
				26FE841D1EDEEEDA00CD1B2A /* Release */,
			);
			defaultConfigurationIsVisible = 0;
			defaultConfigurationName = Release;
		};
		26FE841E1EDEEEDA00CD1B2A /* Build configuration list for PBXNativeTarget "XMGTVTests" */ = {
			isa = XCConfigurationList;
			buildConfigurations = (
				26FE841F1EDEEEDA00CD1B2A /* Debug */,
				26FE84201EDEEEDA00CD1B2A /* Release */,
			);
			defaultConfigurationIsVisible = 0;
			defaultConfigurationName = Release;
		};
		26FE84211EDEEEDA00CD1B2A /* Build configuration list for PBXNativeTarget "XMGTVUITests" */ = {
			isa = XCConfigurationList;
			buildConfigurations = (
				26FE84221EDEEEDA00CD1B2A /* Debug */,
				26FE84231EDEEEDA00CD1B2A /* Release */,
			);
			defaultConfigurationIsVisible = 0;
			defaultConfigurationName = Release;
		};
/* End XCConfigurationList section */
	};
	rootObject = 26FE83EB1EDEEEDA00CD1B2A /* Project object */;
}
