// !$*UTF8*$!
{
	archiveVersion = 1;
	classes = {
	};
	objectVersion = 46;
	objects = {

/* Begin PBXBuildFile section */
		26FE83F71EDEEEDA00CD1B2A /* AppDelegate.swift in Sources */ = {isa = PBXBuildFile; fileRef = 26FE83F61EDEEEDA00CD1B2A /* AppDelegate.swift */; };
		26FE83F91EDEEEDA00CD1B2A /* ViewController.swift in Sources */ = {isa = PBXBuildFile; fileRef = 26FE83F81EDEEEDA00CD1B2A /* ViewController.swift */; };
		26FE83FC1EDEEEDA00CD1B2A /* Main.storyboard in Resources */ = {isa = PBXBuildFile; fileRef = 26FE83FA1EDEEEDA00CD1B2A /* Main.storyboard */; };
		26FE83FE1EDEEEDA00CD1B2A /* Assets.xcassets in Resources */ = {isa = PBXBuildFile; fileRef = 26FE83FD1EDEEEDA00CD1B2A /* Assets.xcassets */; };
		26FE84011EDEEEDA00CD1B2A /* LaunchScreen.storyboard in Resources */ = {isa = PBXBuildFile; fileRef = 26FE83FF1EDEEEDA00CD1B2A /* LaunchScreen.storyboard */; };
		26FE840C1EDEEEDA00CD1B2A /* XMGTVTests.swift in Sources */ = {isa = PBXBuildFile; fileRef = 26FE840B1EDEEEDA00CD1B2A /* XMGTVTests.swift */; };
		26FE84171EDEEEDA00CD1B2A /* XMGTVUITests.swift in Sources */ = {isa = PBXBuildFile; fileRef = 26FE84161EDEEEDA00CD1B2A /* XMGTVUITests.swift */; };
/* End PBXBuildFile section */

/* Begin PBXContainerItemProxy section */
		26FE84081EDEEEDA00CD1B2A /* PBXContainerItemProxy */ = {
			isa = PBXContainerItemProxy;
			containerPortal = 26FE83EB1EDEEEDA00CD1B2A /* Project object */;
			proxyType = 1;
			remoteGlobalIDString = 26FE83F21EDEEEDA00CD1B2A;
			remoteInfo = XMGTV;
		};
		26FE84131EDEEEDA00CD1B2A /* PBXContainerItemProxy */ = {
			isa = PBXContainerItemProxy;
			containerPortal = 26FE83EB1EDEEEDA00CD1B2A /* Project object */;
			proxyType = 1;
			remoteGlobalIDString = 26FE83F21EDEEEDA00CD1B2A;
			remoteInfo = XMGTV;
		};
/* End PBXContainerItemProxy section */

/* Begin PBXFileReference section */
		26FE83F31EDEEEDA00CD1B2A /* XMGTV.app */ = {isa = PBXFileReference; explicitFileType = wrapper.application; includeInIndex = 0; path = XMGTV.app; sourceTree = BUILT_PRODUCTS_DIR; };
		26FE83F61EDEEEDA00CD1B2A /* AppDelegate.swift */ = {isa = PBXFileReference; lastKnownFileType = sourcecode.swift; path = AppDelegate.swift; sourceTree = "<group>"; };
		26FE83F81EDEEEDA00CD1B2A /* ViewController.swift */ = {isa = PBXFileReference; lastKnownFileType = sourcecode.swift; path = ViewController.swift; sourceTree = "<group>"; };
		26FE83FB1EDEEEDA00CD1B2A /* Base */ = {isa = PBXFileReference; lastKnownFileType = file.storyboard; name = Base; path = Base.lproj/Main.storyboard; sourceTree = "<group>"; };
		26FE83FD1EDEEEDA00CD1B2A /* Assets.xcassets */ = {isa = PBXFileReference; lastKnownFileType = folder.assetcatalog; path = Assets.xcassets; sourceTree = "<group>"; };
		26FE84001EDEEEDA00CD1B2A /* Base */ = {isa = PBXFileReference; lastKnownFileType = file.storyboard; name = Base; path = Base.lproj/LaunchScreen.storyboard; sourceTree = "<group>"; };
		26FE84021EDEEEDA00CD1B2A /* Info.plist */ = {isa = PBXFileReference; lastKnownFileType = text.plist.xml; path = Info.plist; sourceTree = "<group>"; };
		26FE84071EDEEEDA00CD1B2A /* XMGTVTests.xctest */ = {isa = PBXFileReference; explicitFileType = wrapper.cfbundle; includeInIndex = 0; path = XMGTVTests.xctest; sourceTree = BUILT_PRODUCTS_DIR; };
		26FE840B1EDEEEDA00CD1B2A /* XMGTVTests.swift */ = {isa = PBXFileReference; lastKnownFileType = sourcecode.swift; path = XMGTVTests.swift; sourceTree = "<group>"; };
		26FE840D1EDEEEDA00CD1B2A /* Info.plist */ = {isa = PBXFileReference; lastKnownFileType = text.plist.xml; path = Info.plist; sourceTree = "<group>"; };
		26FE84121EDEEEDA00CD1B2A /* XMGTVUITests.xctest */ = {isa = PBXFileReference; explicitFileType = wrapper.cfbundle; includeInIndex = 0; path = XMGTVUITests.xctest; sourceTree = BUILT_PRODUCTS_DIR; };
		26FE84161EDEEEDA00CD1B2A /* XMGTVUITests.swift */ = {isa = PBXFileReference; lastKnownFileType = sourcecode.swift; path = XMGTVUITests.swift; sourceTree = "<group>"; };
		26FE84181EDEEEDA00CD1B2A /* Info.plist */ = {isa = PBXFileReference; lastKnownFileType = text.plist.xml; path = Info.plist; sourceTree = "<group>"; };
/* End PBXFileReference section */

/* Begin PBXFrameworksBuildPhase section */
		26FE83F01EDEEEDA00CD1B2A /* Frameworks */ = {
			isa = PBXFrameworksBuildPhase;
			buildActionMask = 2147483647;
			files = (
			);
			runOnlyForDeploymentPostprocessing = 0;
		};
		26FE84041EDEEEDA00CD1B2A /* Frameworks */ = {
			isa = PBXFrameworksBuildPhase;
			buildActionMask = 2147483647;
			files = (
			);
			runOnlyForDeploymentPostprocessing = 0;
		};
		26FE840F1EDEEEDA00CD1B2A /* Frameworks */ = {
			isa = PBXFrameworksBuildPhase;
			buildActionMask = 2147483647;
			files = (
			);
			runOnlyForDeploymentPostprocessing = 0;
		};
/* End PBXFrameworksBuildPhase section */

/* Begin PBXGroup section */
		26FE83EA1EDEEEDA00CD1B2A = {
			isa = PBXGroup;
			children = (
				26FE83F51EDEEEDA00CD1B2A /* XMGTV */,
				26FE840A1EDEEEDA00CD1B2A /* XMGTVTests */,
				26FE84151EDEEEDA00CD1B2A /* XMGTVUITests */,
				26FE83F41EDEEEDA00CD1B2A /* Products */,
			);
			sourceTree = "<group>";
		};
		26FE83F41EDEEEDA00CD1B2A /* Products */ = {
			isa = PBXGroup;
			children = (
				26FE83F31EDEEEDA00CD1B2A /* XMGTV.app */,
				26FE84071EDEEEDA00CD1B2A /* XMGTVTests.xctest */,
				26FE84121EDEEEDA00CD1B2A /* XMGTVUITests.xctest */,
			);
			name = Products;
			sourceTree = "<group>";
		};
		26FE83F51EDEEEDA00CD1B2A /* XMGTV */ = {
			isa = PBXGroup;
			children = (
				26FE83F61EDEEEDA00CD1B2A /* AppDelegate.swift */,
				26FE83F81EDEEEDA00CD1B2A /* ViewController.swift */,
				26FE83FA1EDEEEDA00CD1B2A /* Main.storyboard */,
				26FE83FD1EDEEEDA00CD1B2A /* Assets.xcassets */,
				26FE83FF1EDEEEDA00CD1B2A /* LaunchScreen.storyboard */,
				26FE84021EDEEEDA00CD1B2A /* Info.plist */,
			);
			path = XMGTV;
			sourceTree = "<group>";
		};
		26FE840A1EDEEEDA00CD1B2A /* XMGTVTests */ = {
			isa = PBXGroup;
			children = (
				26FE840B1EDEEEDA00CD1B2A /* XMGTVTests.swift */,
				26FE840D1EDEEEDA00CD1B2A /* Info.plist */,
			);
			path = XMGTVTests;
			sourceTree = "<group>";
		};
		26FE84151EDEEEDA00CD1B2A /* XMGTVUITests */ = {
			isa = PBXGroup;
			children = (
				26FE84161EDEEEDA00CD1B2A /* XMGTVUITests.swift */,
				26FE84181EDEEEDA00CD1B2A /* Info.plist */,
			);
			path = XMGTVUITests;
			sourceTree = "<group>";
		};
/* End PBXGroup section */

/* Begin PBXNativeTarget section */
		26FE83F21EDEEEDA00CD1B2A /* XMGTV */ = {
			isa = PBXNativeTarget;
			buildConfigurationList = 26FE841B1EDEEEDA00CD1B2A /* Build configuration list for PBXNativeTarget "XMGTV" */;
			buildPhases = (
				26FE83EF1EDEEEDA00CD1B2A /* Sources */,
				26FE83F01EDEEEDA00CD1B2A /* Frameworks */,
				26FE83F11EDEEEDA00CD1B2A /* Resources */,
			);
			buildRules = (
			);
			dependencies = (
			);
			name = XMGTV;
			productName = XMGTV;
			productReference = 26FE83F31EDEEEDA00CD1B2A /* XMGTV.app */;
			productType = "com.apple.product-type.application";
		};
		26FE84061EDEEEDA00CD1B2A /* XMGTVTests */ = {
			isa = PBXNativeTarget;
			buildConfigurationList = 26FE841E1EDEEEDA00CD1B2A /* Build configuration list for PBXNativeTarget "XMGTVTests" */;
			buildPhases = (
				26FE84031EDEEEDA00CD1B2A /* Sources */,
				26FE84041EDEEEDA00CD1B2A /* Frameworks */,
				26FE84051EDEEEDA00CD1B2A /* Resources */,
			);
			buildRules = (
			);
			dependencies = (
				26FE84091EDEEEDA00CD1B2A /* PBXTargetDependency */,
			);
			name = XMGTVTests;
			productName = XMGTVTests;
			productReference = 26FE84071EDEEEDA00CD1B2A /* XMGTVTests.xctest */;
			productType = "com.apple.product-type.bundle.unit-test";
		};
		26FE84111EDEEEDA00CD1B2A /* XMGTVUITests */ = {
			isa = PBXNativeTarget;
			buildConfigurationList = 26FE84211EDEEEDA00CD1B2A /* Build configuration list for PBXNativeTarget "XMGTVUITests" */;
			buildPhases = (
				26FE840E1EDEEEDA00CD1B2A /* Sources */,
				26FE840F1EDEEEDA00CD1B2A /* Frameworks */,
				26FE84101EDEEEDA00CD1B2A /* Resources */,
			);
			buildRules = (
			);
			dependencies = (
				26FE84141EDEEEDA00CD1B2A /* PBXTargetDependency */,
			);
			name = XMGTVUITests;
			productName = XMGTVUITests;
			productReference = 26FE84121EDEEEDA00CD1B2A /* XMGTVUITests.xctest */;
			productType = "com.apple.product-type.bundle.ui-testing";
		};
/* End PBXNativeTarget section */

/* Begin PBXProject section */
		26FE83EB1EDEEEDA00CD1B2A /* Project object */ = {
			isa = PBXProject;
			attributes = {
				LastSwiftUpdateCheck = 0830;
				LastUpgradeCheck = 0830;
				ORGANIZATIONNAME = "唐三彩";
				TargetAttributes = {
					26FE83F21EDEEEDA00CD1B2A = {
						CreatedOnToolsVersion = 8.3.2;
						ProvisioningStyle = Automatic;
					};
					26FE84061EDEEEDA00CD1B2A = {
						CreatedOnToolsVersion = 8.3.2;
						ProvisioningStyle = Automatic;
						TestTargetID = 26FE83F21EDEEEDA00CD1B2A;
					};
					26FE84111EDEEEDA00CD1B2A = {
						CreatedOnToolsVersion = 8.3.2;
						ProvisioningStyle = Automatic;
						TestTargetID = 26FE83F21EDEEEDA00CD1B2A;
					};
				};
			};
			buildConfigurationList = 26FE83EE1EDEEEDA00CD1B2A /* Build configuration list for PBXProject "XMGTV" */;
			compatibilityVersion = "Xcode 3.2";
			developmentRegion = English;
			hasScannedForEncodings = 0;
			knownRegions = (
				en,
				Base,
			);
			mainGroup = 26FE83EA1EDEEEDA00CD1B2A;
			productRefGroup = 26FE83F41EDEEEDA00CD1B2A /* Products */;
			projectDirPath = "";
			projectRoot = "";
			targets = (
				26FE83F21EDEEEDA00CD1B2A /* XMGTV */,
				26FE84061EDEEEDA00CD1B2A /* XMGTVTests */,
				26FE84111EDEEEDA00CD1B2A /* XMGTVUITests */,
			);
		};
/* End PBXProject section */

/* Begin PBXResourcesBuildPhase section */
		26FE83F11EDEEEDA00CD1B2A /* Resources */ = {
			isa = PBXResourcesBuildPhase;
			buildActionMask = 2147483647;
			files = (
				26FE84011EDEEEDA00CD1B2A /* LaunchScreen.storyboard in Resources */,
				26FE83FE1EDEEEDA00CD1B2A /* Assets.xcassets in Resources */,
				26FE83FC1EDEEEDA00CD1B2A /* Main.storyboard in Resources */,
			);
			runOnlyForDeploymentPostprocessing = 0;
		};
		26FE84051EDEEEDA00CD1B2A /* Resources */ = {
			isa = PBXResourcesBuildPhase;
			buildActionMask = 2147483647;
			files = (
			);
			runOnlyForDeploymentPostprocessing = 0;
		};
		26FE84101EDEEEDA00CD1B2A /* Resources */ = {
			isa = PBXResourcesBuildPhase;
			buildActionMask = 2147483647;
			files = (
			);
			runOnlyForDeploymentPostprocessing = 0;
		};
/* End PBXResourcesBuildPhase section */

/* Begin PBXSourcesBuildPhase section */
		26FE83EF1EDEEEDA00CD1B2A /* Sources */ = {
			isa = PBXSourcesBuildPhase;
			buildActionMask = 2147483647;
			files = (
				26FE83F91EDEEEDA00CD1B2A /* ViewController.swift in Sources */,
				26FE83F71EDEEEDA00CD1B2A /* AppDelegate.swift in Sources */,
			);
			runOnlyForDeploymentPostprocessing = 0;
		};
		26FE84031EDEEEDA00CD1B2A /* Sources */ = {
			isa = PBXSourcesBuildPhase;
			buildActionMask = 2147483647;
			files = (
				26FE840C1EDEEEDA00CD1B2A /* XMGTVTests.swift in Sources */,
			);
			runOnlyForDeploymentPostprocessing = 0;
		};
		26FE840E1EDEEEDA00CD1B2A /* Sources */ = {
			isa = PBXSourcesBuildPhase;
			buildActionMask = 2147483647;
			files = (
				26FE84171EDEEEDA00CD1B2A /* XMGTVUITests.swift in Sources */,
			);
			runOnlyForDeploymentPostprocessing = 0;
		};
/* End PBXSourcesBuildPhase section */

/* Begin PBXTargetDependency section */
		26FE84091EDEEEDA00CD1B2A /* PBXTargetDependency */ = {
			isa = PBXTargetDependency;
			target = 26FE83F21EDEEEDA00CD1B2A /* XMGTV */;
			targetProxy = 26FE84081EDEEEDA00CD1B2A /* PBXContainerItemProxy */;
		};
		26FE84141EDEEEDA00CD1B2A /* PBXTargetDependency */ = {
			isa = PBXTargetDependency;
			target = 26FE83F21EDEEEDA00CD1B2A /* XMGTV */;
			targetProxy = 26FE84131EDEEEDA00CD1B2A /* PBXContainerItemProxy */;
		};
/* End PBXTargetDependency section */

/* Begin PBXVariantGroup section */
		26FE83FA1EDEEEDA00CD1B2A /* Main.storyboard */ = {
			isa = PBXVariantGroup;
			children = (
				26FE83FB1EDEEEDA00CD1B2A /* Base */,
			);
			name = Main.storyboard;
			sourceTree = "<group>";
		};
		26FE83FF1EDEEEDA00CD1B2A /* LaunchScreen.storyboard */ = {
			isa = PBXVariantGroup;
			children = (
				26FE84001EDEEEDA00CD1B2A /* Base */,
			);
			name = LaunchScreen.storyboard;
			sourceTree = "<group>";
		};
/* End PBXVariantGroup section */

/* Begin XCBuildConfiguration section */
		26FE84191EDEEEDA00CD1B2A /* Debug */ = {
			isa = XCBuildConfiguration;
			buildSettings = {
				ALWAYS_SEARCH_USER_PATHS = NO;
				CLANG_ANALYZER_NONNULL = YES;
				CLANG_ANALYZER_NUMBER_OBJECT_CONVERSION = YES_AGGRESSIVE;
				CLANG_CXX_LANGUAGE_STANDARD = "gnu++0x";
				CLANG_CXX_LIBRARY = "libc++";
				CLANG_ENABLE_MODULES = YES;
				CLANG_ENABLE_OBJC_ARC = YES;
				CLANG_WARN_BOOL_CONVERSION = YES;
				CLANG_WARN_CONSTANT_CONVERSION = YES;
				CLANG_WARN_DIRECT_OBJC_ISA_USAGE = YES_ERROR;
				CLANG_WARN_DOCUMENTATION_COMMENTS = YES;
				CLANG_WARN_EMPTY_BODY = YES;
				CLANG_WARN_ENUM_CONVERSION = YES;
				CLANG_WARN_INFINITE_RECURSION = YES;
				CLANG_WARN_INT_CONVERSION = YES;
				CLANG_WARN_OBJC_ROOT_CLASS = YES_ERROR;
				CLANG_WARN_SUSPICIOUS_MOVE = YES;
				CLANG_WARN_UNREACHABLE_CODE = YES;
				CLANG_WARN__DUPLICATE_METHOD_MATCH = YES;
				"CODE_SIGN_IDENTITY[sdk=iphoneos*]" = "iPhone Developer";
				COPY_PHASE_STRIP = NO;
				DEBUG_INFORMATION_FORMAT = dwarf;
				ENABLE_STRICT_OBJC_MSGSEND = YES;
				ENABLE_TESTABILITY = YES;
				GCC_C_LANGUAGE_STANDARD = gnu99;
				GCC_DYNAMIC_NO_PIC = NO;
				GCC_NO_COMMON_BLOCKS = YES;
				GCC_OPTIMIZATION_LEVEL = 0;
				GCC_PREPROCESSOR_DEFINITIONS = (
					"DEBUG=1",
					"$(inherited)",
				);
				GCC_WARN_64_TO_32_BIT_CONVERSION = YES;
				GCC_WARN_ABOUT_RETURN_TYPE = YES_ERROR;
				GCC_WARN_UNDECLARED_SELECTOR = YES;
				GCC_WARN_UNINITIALIZED_AUTOS = YES_AGGRESSIVE;
				GCC_WARN_UNUSED_FUNCTION = YES;
				GCC_WARN_UNUSED_VARIABLE = YES;
				IPHONEOS_DEPLOYMENT_TARGET = 10.3;
				MTL_ENABLE_DEBUG_INFO = YES;
				ONLY_ACTIVE_ARCH = YES;
				SDKROOT = iphoneos;
				SWIFT_ACTIVE_COMPILATION_CONDITIONS = DEBUG;
				SWIFT_OPTIMIZATION_LEVEL = "-Onone";
				TARGETED_DEVICE_FAMILY = "1,2";
			};
			name = Debug;
		};
		26FE841A1EDEEEDA00CD1B2A /* Release */ = {
			isa = XCBuildConfiguration;
			buildSettings = {
				ALWAYS_SEARCH_USER_PATHS = NO;
				CLANG_ANALYZER_NONNULL = YES;
				CLANG_ANALYZER_NUMBER_OBJECT_CONVERSION = YES_AGGRESSIVE;
				CLANG_CXX_LANGUAGE_STANDARD = "gnu++0x";
				CLANG_CXX_LIBRARY = "libc++";
				CLANG_ENABLE_MODULES = YES;
				CLANG_ENABLE_OBJC_ARC = YES;
				CLANG_WARN_BOOL_CONVERSION = YES;
				CLANG_WARN_CONSTANT_CONVERSION = YES;
				CLANG_WARN_DIRECT_OBJC_ISA_USAGE = YES_ERROR;
				CLANG_WARN_DOCUMENTATION_COMMENTS = YES;
				CLANG_WARN_EMPTY_BODY = YES;
				CLANG_WARN_ENUM_CONVERSION = YES;
				CLANG_WARN_INFINITE_RECURSION = YES;
				CLANG_WARN_INT_CONVERSION = YES;
				CLANG_WARN_OBJC_ROOT_CLASS = YES_ERROR;
				CLANG_WARN_SUSPICIOUS_MOVE = YES;
				CLANG_WARN_UNREACHABLE_CODE = YES;
				CLANG_WARN__DUPLICATE_METHOD_MATCH = YES;
				"CODE_SIGN_IDENTITY[sdk=iphoneos*]" = "iPhone Developer";
				COPY_PHASE_STRIP = NO;
				DEBUG_INFORMATION_FORMAT = "dwarf-with-dsym";
				ENABLE_NS_ASSERTIONS = NO;
				ENABLE_STRICT_OBJC_MSGSEND = YES;
				GCC_C_LANGUAGE_STANDARD = gnu99;
				GCC_NO_COMMON_BLOCKS = YES;
				GCC_WARN_64_TO_32_BIT_CONVERSION = YES;
				GCC_WARN_ABOUT_RETURN_TYPE = YES_ERROR;
				GCC_WARN_UNDECLARED_SELECTOR = YES;
				GCC_WARN_UNINITIALIZED_AUTOS = YES_AGGRESSIVE;
				GCC_WARN_UNUSED_FUNCTION = YES;
				GCC_WARN_UNUSED_VARIABLE = YES;
				IPHONEOS_DEPLOYMENT_TARGET = 10.3;
				MTL_ENABLE_DEBUG_INFO = NO;
				SDKROOT = iphoneos;
				SWIFT_OPTIMIZATION_LEVEL = "-Owholemodule";
				TARGETED_DEVICE_FAMILY = "1,2";
				VALIDATE_PRODUCT = YES;
			};
			name = Release;
		};
		26FE841C1EDEEEDA00CD1B2A /* Debug */ = {
			isa = XCBuildConfiguration;
			buildSettings = {
				ASSETCATALOG_COMPILER_APPICON_NAME = AppIcon;
				INFOPLIST_FILE = XMGTV/Info.plist;
				LD_RUNPATH_SEARCH_PATHS = "$(inherited) @executable_path/Frameworks";
				PRODUCT_BUNDLE_IDENTIFIER = com.caiiiac.XMGTV;
				PRODUCT_NAME = "$(TARGET_NAME)";
				SWIFT_VERSION = 3.0;
			};
			name = Debug;
		};
		26FE841D1EDEEEDA00CD1B2A /* Release */ = {
			isa = XCBuildConfiguration;
			buildSettings = {
				ASSETCATALOG_COMPILER_APPICON_NAME = AppIcon;
				INFOPLIST_FILE = XMGTV/Info.plist;
				LD_RUNPATH_SEARCH_PATHS = "$(inherited) @executable_path/Frameworks";
				PRODUCT_BUNDLE_IDENTIFIER = com.caiiiac.XMGTV;
				PRODUCT_NAME = "$(TARGET_NAME)";
				SWIFT_VERSION = 3.0;
			};
			name = Release;
		};
		26FE841F1EDEEEDA00CD1B2A /* Debug */ = {
			isa = XCBuildConfiguration;
			buildSettings = {
				ALWAYS_EMBED_SWIFT_STANDARD_LIBRARIES = YES;
				BUNDLE_LOADER = "$(TEST_HOST)";
				INFOPLIST_FILE = XMGTVTests/Info.plist;
				LD_RUNPATH_SEARCH_PATHS = "$(inherited) @executable_path/Frameworks @loader_path/Frameworks";
				PRODUCT_BUNDLE_IDENTIFIER = com.caiiiac.XMGTVTests;
				PRODUCT_NAME = "$(TARGET_NAME)";
				SWIFT_VERSION = 3.0;
				TEST_HOST = "$(BUILT_PRODUCTS_DIR)/XMGTV.app/XMGTV";
			};
			name = Debug;
		};
		26FE84201EDEEEDA00CD1B2A /* Release */ = {
			isa = XCBuildConfiguration;
			buildSettings = {
				ALWAYS_EMBED_SWIFT_STANDARD_LIBRARIES = YES;
				BUNDLE_LOADER = "$(TEST_HOST)";
				INFOPLIST_FILE = XMGTVTests/Info.plist;
				LD_RUNPATH_SEARCH_PATHS = "$(inherited) @executable_path/Frameworks @loader_path/Frameworks";
				PRODUCT_BUNDLE_IDENTIFIER = com.caiiiac.XMGTVTests;
				PRODUCT_NAME = "$(TARGET_NAME)";
				SWIFT_VERSION = 3.0;
				TEST_HOST = "$(BUILT_PRODUCTS_DIR)/XMGTV.app/XMGTV";
			};
			name = Release;
		};
		26FE84221EDEEEDA00CD1B2A /* Debug */ = {
			isa = XCBuildConfiguration;
			buildSettings = {
				ALWAYS_EMBED_SWIFT_STANDARD_LIBRARIES = YES;
				INFOPLIST_FILE = XMGTVUITests/Info.plist;
				LD_RUNPATH_SEARCH_PATHS = "$(inherited) @executable_path/Frameworks @loader_path/Frameworks";
				PRODUCT_BUNDLE_IDENTIFIER = com.caiiiac.XMGTVUITests;
				PRODUCT_NAME = "$(TARGET_NAME)";
				SWIFT_VERSION = 3.0;
				TEST_TARGET_NAME = XMGTV;
			};
			name = Debug;
		};
		26FE84231EDEEEDA00CD1B2A /* Release */ = {
			isa = XCBuildConfiguration;
			buildSettings = {
				ALWAYS_EMBED_SWIFT_STANDARD_LIBRARIES = YES;
				INFOPLIST_FILE = XMGTVUITests/Info.plist;
				LD_RUNPATH_SEARCH_PATHS = "$(inherited) @executable_path/Frameworks @loader_path/Frameworks";
				PRODUCT_BUNDLE_IDENTIFIER = com.caiiiac.XMGTVUITests;
				PRODUCT_NAME = "$(TARGET_NAME)";
				SWIFT_VERSION = 3.0;
				TEST_TARGET_NAME = XMGTV;
			};
			name = Release;
		};
/* End XCBuildConfiguration section */

/* Begin XCConfigurationList section */
		26FE83EE1EDEEEDA00CD1B2A /* Build configuration list for PBXProject "XMGTV" */ = {
			isa = XCConfigurationList;
			buildConfigurations = (
				26FE84191EDEEEDA00CD1B2A /* Debug */,
				26FE841A1EDEEEDA00CD1B2A /* Release */,
			);
			defaultConfigurationIsVisible = 0;
			defaultConfigurationName = Release;
		};
		26FE841B1EDEEEDA00CD1B2A /* Build configuration list for PBXNativeTarget "XMGTV" */ = {
			isa = XCConfigurationList;
			buildConfigurations = (
				26FE841C1EDEEEDA00CD1B2A /* Debug */,
				26FE841D1EDEEEDA00CD1B2A /* Release */,
			);
			defaultConfigurationIsVisible = 0;
		};
		26FE841E1EDEEEDA00CD1B2A /* Build configuration list for PBXNativeTarget "XMGTVTests" */ = {
			isa = XCConfigurationList;
			buildConfigurations = (
				26FE841F1EDEEEDA00CD1B2A /* Debug */,
				26FE84201EDEEEDA00CD1B2A /* Release */,
			);
			defaultConfigurationIsVisible = 0;
		};
		26FE84211EDEEEDA00CD1B2A /* Build configuration list for PBXNativeTarget "XMGTVUITests" */ = {
			isa = XCConfigurationList;
			buildConfigurations = (
				26FE84221EDEEEDA00CD1B2A /* Debug */,
				26FE84231EDEEEDA00CD1B2A /* Release */,
			);
			defaultConfigurationIsVisible = 0;
		};
/* End XCConfigurationList section */
	};
	rootObject = 26FE83EB1EDEEEDA00CD1B2A /* Project object */;
}
